
Microsoft Visual Studio Solution File, Format Version 12.00
# Visual Studio Version 17
VisualStudioVersion = 17.0.31903.59
MinimumVisualStudioVersion = 10.0.40219.1
Project("{2150E333-8FDC-42A3-9474-1A3956D46DE8}") = "src", "src", "{A1B2C3D4-0001-0001-0001-000000000001}"
EndProject
Project("{2150E333-8FDC-42A3-9474-1A3956D46DE8}") = "tests", "tests", "{A1B2C3D4-0001-0001-0001-000000000002}"
EndProject
Project("{FAE04EC0-301F-11D3-BF4B-00C04F79EFBC}") = "AppHost", "src\AppHost\AppHost.csproj", "{B1000001-0000-0000-0000-000000000001}"
EndProject
Project("{FAE04EC0-301F-11D3-BF4B-00C04F79EFBC}") = "ServiceDefaults", "src\ServiceDefaults\ServiceDefaults.csproj", "{B1000002-0000-0000-0000-000000000001}"
EndProject
Project("{FAE04EC0-301F-11D3-BF4B-00C04F79EFBC}") = "Ingestion.Kafka", "src\Ingestion.Kafka\Ingestion.Kafka.csproj", "{B1000004-0000-0000-0000-000000000001}"
EndProject
Project("{FAE04EC0-301F-11D3-BF4B-00C04F79EFBC}") = "Contracts", "src\Contracts\Contracts.csproj", "{B1000005-0000-0000-0000-000000000001}"
EndProject
Project("{FAE04EC0-301F-11D3-BF4B-00C04F79EFBC}") = "Workflow.Temporal", "src\Workflow.Temporal\Workflow.Temporal.csproj", "{B1000006-0000-0000-0000-000000000001}"
EndProject
Project("{FAE04EC0-301F-11D3-BF4B-00C04F79EFBC}") = "Activities", "src\Activities\Activities.csproj", "{B1000007-0000-0000-0000-000000000001}"
EndProject
Project("{FAE04EC0-301F-11D3-BF4B-00C04F79EFBC}") = "AI.Ollama", "src\AI.Ollama\AI.Ollama.csproj", "{B100000F-0000-0000-0000-000000000001}"
EndProject
Project("{FAE04EC0-301F-11D3-BF4B-00C04F79EFBC}") = "Observability", "src\Observability\Observability.csproj", "{B1000013-0000-0000-0000-000000000001}"
EndProject
Project("{FAE04EC0-301F-11D3-BF4B-00C04F79EFBC}") = "UnitTests", "tests\UnitTests\UnitTests.csproj", "{C1000001-0000-0000-0000-000000000001}"
EndProject
Project("{FAE04EC0-301F-11D3-BF4B-00C04F79EFBC}") = "IntegrationTests", "tests\IntegrationTests\IntegrationTests.csproj", "{C1000002-0000-0000-0000-000000000001}"
EndProject
Project("{FAE04EC0-301F-11D3-BF4B-00C04F79EFBC}") = "ContractTests", "tests\ContractTests\ContractTests.csproj", "{C1000003-0000-0000-0000-000000000001}"
EndProject
Project("{FAE04EC0-301F-11D3-BF4B-00C04F79EFBC}") = "WorkflowTests", "tests\WorkflowTests\WorkflowTests.csproj", "{C1000004-0000-0000-0000-000000000001}"
EndProject
Project("{FAE04EC0-301F-11D3-BF4B-00C04F79EFBC}") = "LoadTests", "tests\LoadTests\LoadTests.csproj", "{C1000005-0000-0000-0000-000000000001}"
EndProject
Project("{FAE04EC0-301F-11D3-BF4B-00C04F79EFBC}") = "OpenClaw.Web", "src\OpenClaw.Web\OpenClaw.Web.csproj", "{3276159F-A82B-4A7B-B3FE-1AED8B591AE5}"
EndProject
Project("{FAE04EC0-301F-11D3-BF4B-00C04F79EFBC}") = "PlaywrightTests", "tests\PlaywrightTests\PlaywrightTests.csproj", "{B7F27549-09D8-4291-9395-937C18A2E662}"
EndProject
Project("{FAE04EC0-301F-11D3-BF4B-00C04F79EFBC}") = "Ingestion", "src\Ingestion\Ingestion.csproj", "{F59C00DE-E2BB-41C0-84D2-54B5F6B0FBF2}"
EndProject
Project("{FAE04EC0-301F-11D3-BF4B-00C04F79EFBC}") = "Ingestion.Nats", "src\Ingestion.Nats\Ingestion.Nats.csproj", "{599B79E5-42FD-4C7E-B68E-30F87102BEE7}"
EndProject
Project("{FAE04EC0-301F-11D3-BF4B-00C04F79EFBC}") = "Ingestion.Pulsar", "src\Ingestion.Pulsar\Ingestion.Pulsar.csproj", "{9387BA62-022D-407D-8DB7-43C91E50B9E8}"
EndProject
Project("{FAE04EC0-301F-11D3-BF4B-00C04F79EFBC}") = "AI.RagFlow", "src\AI.RagFlow\AI.RagFlow.csproj", "{0131A5E8-3C4C-4E11-9386-E2FC99018BC5}"
EndProject
Global
	GlobalSection(SolutionConfigurationPlatforms) = preSolution
		Debug|Any CPU = Debug|Any CPU
		Debug|x64 = Debug|x64
		Debug|x86 = Debug|x86
		Release|Any CPU = Release|Any CPU
		Release|x64 = Release|x64
		Release|x86 = Release|x86
	EndGlobalSection
	GlobalSection(ProjectConfigurationPlatforms) = postSolution
		{B1000001-0000-0000-0000-000000000001}.Debug|Any CPU.ActiveCfg = Debug|Any CPU
		{B1000001-0000-0000-0000-000000000001}.Debug|Any CPU.Build.0 = Debug|Any CPU
		{B1000001-0000-0000-0000-000000000001}.Debug|x64.ActiveCfg = Debug|Any CPU
		{B1000001-0000-0000-0000-000000000001}.Debug|x64.Build.0 = Debug|Any CPU
		{B1000001-0000-0000-0000-000000000001}.Debug|x86.ActiveCfg = Debug|Any CPU
		{B1000001-0000-0000-0000-000000000001}.Debug|x86.Build.0 = Debug|Any CPU
		{B1000001-0000-0000-0000-000000000001}.Release|Any CPU.ActiveCfg = Release|Any CPU
		{B1000001-0000-0000-0000-000000000001}.Release|Any CPU.Build.0 = Release|Any CPU
		{B1000001-0000-0000-0000-000000000001}.Release|x64.ActiveCfg = Release|Any CPU
		{B1000001-0000-0000-0000-000000000001}.Release|x64.Build.0 = Release|Any CPU
		{B1000001-0000-0000-0000-000000000001}.Release|x86.ActiveCfg = Release|Any CPU
		{B1000001-0000-0000-0000-000000000001}.Release|x86.Build.0 = Release|Any CPU
		{B1000002-0000-0000-0000-000000000001}.Debug|Any CPU.ActiveCfg = Debug|Any CPU
		{B1000002-0000-0000-0000-000000000001}.Debug|Any CPU.Build.0 = Debug|Any CPU
		{B1000002-0000-0000-0000-000000000001}.Debug|x64.ActiveCfg = Debug|Any CPU
		{B1000002-0000-0000-0000-000000000001}.Debug|x64.Build.0 = Debug|Any CPU
		{B1000002-0000-0000-0000-000000000001}.Debug|x86.ActiveCfg = Debug|Any CPU
		{B1000002-0000-0000-0000-000000000001}.Debug|x86.Build.0 = Debug|Any CPU
		{B1000002-0000-0000-0000-000000000001}.Release|Any CPU.ActiveCfg = Release|Any CPU
		{B1000002-0000-0000-0000-000000000001}.Release|Any CPU.Build.0 = Release|Any CPU
		{B1000002-0000-0000-0000-000000000001}.Release|x64.ActiveCfg = Release|Any CPU
		{B1000002-0000-0000-0000-000000000001}.Release|x64.Build.0 = Release|Any CPU
		{B1000002-0000-0000-0000-000000000001}.Release|x86.ActiveCfg = Release|Any CPU
		{B1000002-0000-0000-0000-000000000001}.Release|x86.Build.0 = Release|Any CPU
		{B1000004-0000-0000-0000-000000000001}.Debug|Any CPU.ActiveCfg = Debug|Any CPU
		{B1000004-0000-0000-0000-000000000001}.Debug|Any CPU.Build.0 = Debug|Any CPU
		{B1000004-0000-0000-0000-000000000001}.Debug|x64.ActiveCfg = Debug|Any CPU
		{B1000004-0000-0000-0000-000000000001}.Debug|x64.Build.0 = Debug|Any CPU
		{B1000004-0000-0000-0000-000000000001}.Debug|x86.ActiveCfg = Debug|Any CPU
		{B1000004-0000-0000-0000-000000000001}.Debug|x86.Build.0 = Debug|Any CPU
		{B1000004-0000-0000-0000-000000000001}.Release|Any CPU.ActiveCfg = Release|Any CPU
		{B1000004-0000-0000-0000-000000000001}.Release|Any CPU.Build.0 = Release|Any CPU
		{B1000004-0000-0000-0000-000000000001}.Release|x64.ActiveCfg = Release|Any CPU
		{B1000004-0000-0000-0000-000000000001}.Release|x64.Build.0 = Release|Any CPU
		{B1000004-0000-0000-0000-000000000001}.Release|x86.ActiveCfg = Release|Any CPU
		{B1000004-0000-0000-0000-000000000001}.Release|x86.Build.0 = Release|Any CPU
		{B1000005-0000-0000-0000-000000000001}.Debug|Any CPU.ActiveCfg = Debug|Any CPU
		{B1000005-0000-0000-0000-000000000001}.Debug|Any CPU.Build.0 = Debug|Any CPU
		{B1000005-0000-0000-0000-000000000001}.Debug|x64.ActiveCfg = Debug|Any CPU
		{B1000005-0000-0000-0000-000000000001}.Debug|x64.Build.0 = Debug|Any CPU
		{B1000005-0000-0000-0000-000000000001}.Debug|x86.ActiveCfg = Debug|Any CPU
		{B1000005-0000-0000-0000-000000000001}.Debug|x86.Build.0 = Debug|Any CPU
		{B1000005-0000-0000-0000-000000000001}.Release|Any CPU.ActiveCfg = Release|Any CPU
		{B1000005-0000-0000-0000-000000000001}.Release|Any CPU.Build.0 = Release|Any CPU
		{B1000005-0000-0000-0000-000000000001}.Release|x64.ActiveCfg = Release|Any CPU
		{B1000005-0000-0000-0000-000000000001}.Release|x64.Build.0 = Release|Any CPU
		{B1000005-0000-0000-0000-000000000001}.Release|x86.ActiveCfg = Release|Any CPU
		{B1000005-0000-0000-0000-000000000001}.Release|x86.Build.0 = Release|Any CPU
		{B1000006-0000-0000-0000-000000000001}.Debug|Any CPU.ActiveCfg = Debug|Any CPU
		{B1000006-0000-0000-0000-000000000001}.Debug|Any CPU.Build.0 = Debug|Any CPU
		{B1000006-0000-0000-0000-000000000001}.Debug|x64.ActiveCfg = Debug|Any CPU
		{B1000006-0000-0000-0000-000000000001}.Debug|x64.Build.0 = Debug|Any CPU
		{B1000006-0000-0000-0000-000000000001}.Debug|x86.ActiveCfg = Debug|Any CPU
		{B1000006-0000-0000-0000-000000000001}.Debug|x86.Build.0 = Debug|Any CPU
		{B1000006-0000-0000-0000-000000000001}.Release|Any CPU.ActiveCfg = Release|Any CPU
		{B1000006-0000-0000-0000-000000000001}.Release|Any CPU.Build.0 = Release|Any CPU
		{B1000006-0000-0000-0000-000000000001}.Release|x64.ActiveCfg = Release|Any CPU
		{B1000006-0000-0000-0000-000000000001}.Release|x64.Build.0 = Release|Any CPU
		{B1000006-0000-0000-0000-000000000001}.Release|x86.ActiveCfg = Release|Any CPU
		{B1000006-0000-0000-0000-000000000001}.Release|x86.Build.0 = Release|Any CPU
		{B1000007-0000-0000-0000-000000000001}.Debug|Any CPU.ActiveCfg = Debug|Any CPU
		{B1000007-0000-0000-0000-000000000001}.Debug|Any CPU.Build.0 = Debug|Any CPU
		{B1000007-0000-0000-0000-000000000001}.Debug|x64.ActiveCfg = Debug|Any CPU
		{B1000007-0000-0000-0000-000000000001}.Debug|x64.Build.0 = Debug|Any CPU
		{B1000007-0000-0000-0000-000000000001}.Debug|x86.ActiveCfg = Debug|Any CPU
		{B1000007-0000-0000-0000-000000000001}.Debug|x86.Build.0 = Debug|Any CPU
		{B1000007-0000-0000-0000-000000000001}.Release|Any CPU.ActiveCfg = Release|Any CPU
		{B1000007-0000-0000-0000-000000000001}.Release|Any CPU.Build.0 = Release|Any CPU
		{B1000007-0000-0000-0000-000000000001}.Release|x64.ActiveCfg = Release|Any CPU
		{B1000007-0000-0000-0000-000000000001}.Release|x64.Build.0 = Release|Any CPU
		{B1000007-0000-0000-0000-000000000001}.Release|x86.ActiveCfg = Release|Any CPU
		{B1000007-0000-0000-0000-000000000001}.Release|x86.Build.0 = Release|Any CPU
		{B100000F-0000-0000-0000-000000000001}.Debug|Any CPU.ActiveCfg = Debug|Any CPU
		{B100000F-0000-0000-0000-000000000001}.Debug|Any CPU.Build.0 = Debug|Any CPU
		{B100000F-0000-0000-0000-000000000001}.Debug|x64.ActiveCfg = Debug|Any CPU
		{B100000F-0000-0000-0000-000000000001}.Debug|x64.Build.0 = Debug|Any CPU
		{B100000F-0000-0000-0000-000000000001}.Debug|x86.ActiveCfg = Debug|Any CPU
		{B100000F-0000-0000-0000-000000000001}.Debug|x86.Build.0 = Debug|Any CPU
		{B100000F-0000-0000-0000-000000000001}.Release|Any CPU.ActiveCfg = Release|Any CPU
		{B100000F-0000-0000-0000-000000000001}.Release|Any CPU.Build.0 = Release|Any CPU
		{B100000F-0000-0000-0000-000000000001}.Release|x64.ActiveCfg = Release|Any CPU
		{B100000F-0000-0000-0000-000000000001}.Release|x64.Build.0 = Release|Any CPU
		{B100000F-0000-0000-0000-000000000001}.Release|x86.ActiveCfg = Release|Any CPU
		{B100000F-0000-0000-0000-000000000001}.Release|x86.Build.0 = Release|Any CPU
		{B1000013-0000-0000-0000-000000000001}.Debug|Any CPU.ActiveCfg = Debug|Any CPU
		{B1000013-0000-0000-0000-000000000001}.Debug|Any CPU.Build.0 = Debug|Any CPU
		{B1000013-0000-0000-0000-000000000001}.Debug|x64.ActiveCfg = Debug|Any CPU
		{B1000013-0000-0000-0000-000000000001}.Debug|x64.Build.0 = Debug|Any CPU
		{B1000013-0000-0000-0000-000000000001}.Debug|x86.ActiveCfg = Debug|Any CPU
		{B1000013-0000-0000-0000-000000000001}.Debug|x86.Build.0 = Debug|Any CPU
		{B1000013-0000-0000-0000-000000000001}.Release|Any CPU.ActiveCfg = Release|Any CPU
		{B1000013-0000-0000-0000-000000000001}.Release|Any CPU.Build.0 = Release|Any CPU
		{B1000013-0000-0000-0000-000000000001}.Release|x64.ActiveCfg = Release|Any CPU
		{B1000013-0000-0000-0000-000000000001}.Release|x64.Build.0 = Release|Any CPU
		{B1000013-0000-0000-0000-000000000001}.Release|x86.ActiveCfg = Release|Any CPU
		{B1000013-0000-0000-0000-000000000001}.Release|x86.Build.0 = Release|Any CPU
		{C1000001-0000-0000-0000-000000000001}.Debug|Any CPU.ActiveCfg = Debug|Any CPU
		{C1000001-0000-0000-0000-000000000001}.Debug|Any CPU.Build.0 = Debug|Any CPU
		{C1000001-0000-0000-0000-000000000001}.Debug|x64.ActiveCfg = Debug|Any CPU
		{C1000001-0000-0000-0000-000000000001}.Debug|x64.Build.0 = Debug|Any CPU
		{C1000001-0000-0000-0000-000000000001}.Debug|x86.ActiveCfg = Debug|Any CPU
		{C1000001-0000-0000-0000-000000000001}.Debug|x86.Build.0 = Debug|Any CPU
		{C1000001-0000-0000-0000-000000000001}.Release|Any CPU.ActiveCfg = Release|Any CPU
		{C1000001-0000-0000-0000-000000000001}.Release|Any CPU.Build.0 = Release|Any CPU
		{C1000001-0000-0000-0000-000000000001}.Release|x64.ActiveCfg = Release|Any CPU
		{C1000001-0000-0000-0000-000000000001}.Release|x64.Build.0 = Release|Any CPU
		{C1000001-0000-0000-0000-000000000001}.Release|x86.ActiveCfg = Release|Any CPU
		{C1000001-0000-0000-0000-000000000001}.Release|x86.Build.0 = Release|Any CPU
		{C1000002-0000-0000-0000-000000000001}.Debug|Any CPU.ActiveCfg = Debug|Any CPU
		{C1000002-0000-0000-0000-000000000001}.Debug|Any CPU.Build.0 = Debug|Any CPU
		{C1000002-0000-0000-0000-000000000001}.Debug|x64.ActiveCfg = Debug|Any CPU
		{C1000002-0000-0000-0000-000000000001}.Debug|x64.Build.0 = Debug|Any CPU
		{C1000002-0000-0000-0000-000000000001}.Debug|x86.ActiveCfg = Debug|Any CPU
		{C1000002-0000-0000-0000-000000000001}.Debug|x86.Build.0 = Debug|Any CPU
		{C1000002-0000-0000-0000-000000000001}.Release|Any CPU.ActiveCfg = Release|Any CPU
		{C1000002-0000-0000-0000-000000000001}.Release|Any CPU.Build.0 = Release|Any CPU
		{C1000002-0000-0000-0000-000000000001}.Release|x64.ActiveCfg = Release|Any CPU
		{C1000002-0000-0000-0000-000000000001}.Release|x64.Build.0 = Release|Any CPU
		{C1000002-0000-0000-0000-000000000001}.Release|x86.ActiveCfg = Release|Any CPU
		{C1000002-0000-0000-0000-000000000001}.Release|x86.Build.0 = Release|Any CPU
		{C1000003-0000-0000-0000-000000000001}.Debug|Any CPU.ActiveCfg = Debug|Any CPU
		{C1000003-0000-0000-0000-000000000001}.Debug|Any CPU.Build.0 = Debug|Any CPU
		{C1000003-0000-0000-0000-000000000001}.Debug|x64.ActiveCfg = Debug|Any CPU
		{C1000003-0000-0000-0000-000000000001}.Debug|x64.Build.0 = Debug|Any CPU
		{C1000003-0000-0000-0000-000000000001}.Debug|x86.ActiveCfg = Debug|Any CPU
		{C1000003-0000-0000-0000-000000000001}.Debug|x86.Build.0 = Debug|Any CPU
		{C1000003-0000-0000-0000-000000000001}.Release|Any CPU.ActiveCfg = Release|Any CPU
		{C1000003-0000-0000-0000-000000000001}.Release|Any CPU.Build.0 = Release|Any CPU
		{C1000003-0000-0000-0000-000000000001}.Release|x64.ActiveCfg = Release|Any CPU
		{C1000003-0000-0000-0000-000000000001}.Release|x64.Build.0 = Release|Any CPU
		{C1000003-0000-0000-0000-000000000001}.Release|x86.ActiveCfg = Release|Any CPU
		{C1000003-0000-0000-0000-000000000001}.Release|x86.Build.0 = Release|Any CPU
		{C1000004-0000-0000-0000-000000000001}.Debug|Any CPU.ActiveCfg = Debug|Any CPU
		{C1000004-0000-0000-0000-000000000001}.Debug|Any CPU.Build.0 = Debug|Any CPU
		{C1000004-0000-0000-0000-000000000001}.Debug|x64.ActiveCfg = Debug|Any CPU
		{C1000004-0000-0000-0000-000000000001}.Debug|x64.Build.0 = Debug|Any CPU
		{C1000004-0000-0000-0000-000000000001}.Debug|x86.ActiveCfg = Debug|Any CPU
		{C1000004-0000-0000-0000-000000000001}.Debug|x86.Build.0 = Debug|Any CPU
		{C1000004-0000-0000-0000-000000000001}.Release|Any CPU.ActiveCfg = Release|Any CPU
		{C1000004-0000-0000-0000-000000000001}.Release|Any CPU.Build.0 = Release|Any CPU
		{C1000004-0000-0000-0000-000000000001}.Release|x64.ActiveCfg = Release|Any CPU
		{C1000004-0000-0000-0000-000000000001}.Release|x64.Build.0 = Release|Any CPU
		{C1000004-0000-0000-0000-000000000001}.Release|x86.ActiveCfg = Release|Any CPU
		{C1000004-0000-0000-0000-000000000001}.Release|x86.Build.0 = Release|Any CPU
		{C1000005-0000-0000-0000-000000000001}.Debug|Any CPU.ActiveCfg = Debug|Any CPU
		{C1000005-0000-0000-0000-000000000001}.Debug|Any CPU.Build.0 = Debug|Any CPU
		{C1000005-0000-0000-0000-000000000001}.Debug|x64.ActiveCfg = Debug|Any CPU
		{C1000005-0000-0000-0000-000000000001}.Debug|x64.Build.0 = Debug|Any CPU
		{C1000005-0000-0000-0000-000000000001}.Debug|x86.ActiveCfg = Debug|Any CPU
		{C1000005-0000-0000-0000-000000000001}.Debug|x86.Build.0 = Debug|Any CPU
		{C1000005-0000-0000-0000-000000000001}.Release|Any CPU.ActiveCfg = Release|Any CPU
		{C1000005-0000-0000-0000-000000000001}.Release|Any CPU.Build.0 = Release|Any CPU
		{C1000005-0000-0000-0000-000000000001}.Release|x64.ActiveCfg = Release|Any CPU
		{C1000005-0000-0000-0000-000000000001}.Release|x64.Build.0 = Release|Any CPU
		{C1000005-0000-0000-0000-000000000001}.Release|x86.ActiveCfg = Release|Any CPU
		{C1000005-0000-0000-0000-000000000001}.Release|x86.Build.0 = Release|Any CPU
		{3276159F-A82B-4A7B-B3FE-1AED8B591AE5}.Debug|Any CPU.ActiveCfg = Debug|Any CPU
		{3276159F-A82B-4A7B-B3FE-1AED8B591AE5}.Debug|Any CPU.Build.0 = Debug|Any CPU
		{3276159F-A82B-4A7B-B3FE-1AED8B591AE5}.Debug|x64.ActiveCfg = Debug|Any CPU
		{3276159F-A82B-4A7B-B3FE-1AED8B591AE5}.Debug|x64.Build.0 = Debug|Any CPU
		{3276159F-A82B-4A7B-B3FE-1AED8B591AE5}.Debug|x86.ActiveCfg = Debug|Any CPU
		{3276159F-A82B-4A7B-B3FE-1AED8B591AE5}.Debug|x86.Build.0 = Debug|Any CPU
		{3276159F-A82B-4A7B-B3FE-1AED8B591AE5}.Release|Any CPU.ActiveCfg = Release|Any CPU
		{3276159F-A82B-4A7B-B3FE-1AED8B591AE5}.Release|Any CPU.Build.0 = Release|Any CPU
		{3276159F-A82B-4A7B-B3FE-1AED8B591AE5}.Release|x64.ActiveCfg = Release|Any CPU
		{3276159F-A82B-4A7B-B3FE-1AED8B591AE5}.Release|x64.Build.0 = Release|Any CPU
		{3276159F-A82B-4A7B-B3FE-1AED8B591AE5}.Release|x86.ActiveCfg = Release|Any CPU
		{3276159F-A82B-4A7B-B3FE-1AED8B591AE5}.Release|x86.Build.0 = Release|Any CPU
		{B7F27549-09D8-4291-9395-937C18A2E662}.Debug|Any CPU.ActiveCfg = Debug|Any CPU
		{B7F27549-09D8-4291-9395-937C18A2E662}.Debug|Any CPU.Build.0 = Debug|Any CPU
		{B7F27549-09D8-4291-9395-937C18A2E662}.Debug|x64.ActiveCfg = Debug|Any CPU
		{B7F27549-09D8-4291-9395-937C18A2E662}.Debug|x64.Build.0 = Debug|Any CPU
		{B7F27549-09D8-4291-9395-937C18A2E662}.Debug|x86.ActiveCfg = Debug|Any CPU
		{B7F27549-09D8-4291-9395-937C18A2E662}.Debug|x86.Build.0 = Debug|Any CPU
		{B7F27549-09D8-4291-9395-937C18A2E662}.Release|Any CPU.ActiveCfg = Release|Any CPU
		{B7F27549-09D8-4291-9395-937C18A2E662}.Release|Any CPU.Build.0 = Release|Any CPU
		{B7F27549-09D8-4291-9395-937C18A2E662}.Release|x64.ActiveCfg = Release|Any CPU
		{B7F27549-09D8-4291-9395-937C18A2E662}.Release|x64.Build.0 = Release|Any CPU
		{B7F27549-09D8-4291-9395-937C18A2E662}.Release|x86.ActiveCfg = Release|Any CPU
		{B7F27549-09D8-4291-9395-937C18A2E662}.Release|x86.Build.0 = Release|Any CPU
		{F59C00DE-E2BB-41C0-84D2-54B5F6B0FBF2}.Debug|Any CPU.ActiveCfg = Debug|Any CPU
		{F59C00DE-E2BB-41C0-84D2-54B5F6B0FBF2}.Debug|Any CPU.Build.0 = Debug|Any CPU
		{F59C00DE-E2BB-41C0-84D2-54B5F6B0FBF2}.Debug|x64.ActiveCfg = Debug|Any CPU
		{F59C00DE-E2BB-41C0-84D2-54B5F6B0FBF2}.Debug|x64.Build.0 = Debug|Any CPU
		{F59C00DE-E2BB-41C0-84D2-54B5F6B0FBF2}.Debug|x86.ActiveCfg = Debug|Any CPU
		{F59C00DE-E2BB-41C0-84D2-54B5F6B0FBF2}.Debug|x86.Build.0 = Debug|Any CPU
		{F59C00DE-E2BB-41C0-84D2-54B5F6B0FBF2}.Release|Any CPU.ActiveCfg = Release|Any CPU
		{F59C00DE-E2BB-41C0-84D2-54B5F6B0FBF2}.Release|Any CPU.Build.0 = Release|Any CPU
		{F59C00DE-E2BB-41C0-84D2-54B5F6B0FBF2}.Release|x64.ActiveCfg = Release|Any CPU
		{F59C00DE-E2BB-41C0-84D2-54B5F6B0FBF2}.Release|x64.Build.0 = Release|Any CPU
		{F59C00DE-E2BB-41C0-84D2-54B5F6B0FBF2}.Release|x86.ActiveCfg = Release|Any CPU
		{F59C00DE-E2BB-41C0-84D2-54B5F6B0FBF2}.Release|x86.Build.0 = Release|Any CPU
		{599B79E5-42FD-4C7E-B68E-30F87102BEE7}.Debug|Any CPU.ActiveCfg = Debug|Any CPU
		{599B79E5-42FD-4C7E-B68E-30F87102BEE7}.Debug|Any CPU.Build.0 = Debug|Any CPU
		{599B79E5-42FD-4C7E-B68E-30F87102BEE7}.Debug|x64.ActiveCfg = Debug|Any CPU
		{599B79E5-42FD-4C7E-B68E-30F87102BEE7}.Debug|x64.Build.0 = Debug|Any CPU
		{599B79E5-42FD-4C7E-B68E-30F87102BEE7}.Debug|x86.ActiveCfg = Debug|Any CPU
		{599B79E5-42FD-4C7E-B68E-30F87102BEE7}.Debug|x86.Build.0 = Debug|Any CPU
		{599B79E5-42FD-4C7E-B68E-30F87102BEE7}.Release|Any CPU.ActiveCfg = Release|Any CPU
		{599B79E5-42FD-4C7E-B68E-30F87102BEE7}.Release|Any CPU.Build.0 = Release|Any CPU
		{599B79E5-42FD-4C7E-B68E-30F87102BEE7}.Release|x64.ActiveCfg = Release|Any CPU
		{599B79E5-42FD-4C7E-B68E-30F87102BEE7}.Release|x64.Build.0 = Release|Any CPU
		{599B79E5-42FD-4C7E-B68E-30F87102BEE7}.Release|x86.ActiveCfg = Release|Any CPU
		{599B79E5-42FD-4C7E-B68E-30F87102BEE7}.Release|x86.Build.0 = Release|Any CPU
		{9387BA62-022D-407D-8DB7-43C91E50B9E8}.Debug|Any CPU.ActiveCfg = Debug|Any CPU
		{9387BA62-022D-407D-8DB7-43C91E50B9E8}.Debug|Any CPU.Build.0 = Debug|Any CPU
		{9387BA62-022D-407D-8DB7-43C91E50B9E8}.Debug|x64.ActiveCfg = Debug|Any CPU
		{9387BA62-022D-407D-8DB7-43C91E50B9E8}.Debug|x64.Build.0 = Debug|Any CPU
		{9387BA62-022D-407D-8DB7-43C91E50B9E8}.Debug|x86.ActiveCfg = Debug|Any CPU
		{9387BA62-022D-407D-8DB7-43C91E50B9E8}.Debug|x86.Build.0 = Debug|Any CPU
		{9387BA62-022D-407D-8DB7-43C91E50B9E8}.Release|Any CPU.ActiveCfg = Release|Any CPU
		{9387BA62-022D-407D-8DB7-43C91E50B9E8}.Release|Any CPU.Build.0 = Release|Any CPU
		{9387BA62-022D-407D-8DB7-43C91E50B9E8}.Release|x64.ActiveCfg = Release|Any CPU
		{9387BA62-022D-407D-8DB7-43C91E50B9E8}.Release|x64.Build.0 = Release|Any CPU
		{9387BA62-022D-407D-8DB7-43C91E50B9E8}.Release|x86.ActiveCfg = Release|Any CPU
		{9387BA62-022D-407D-8DB7-43C91E50B9E8}.Release|x86.Build.0 = Release|Any CPU
		{0131A5E8-3C4C-4E11-9386-E2FC99018BC5}.Debug|Any CPU.ActiveCfg = Debug|Any CPU
		{0131A5E8-3C4C-4E11-9386-E2FC99018BC5}.Debug|Any CPU.Build.0 = Debug|Any CPU
		{0131A5E8-3C4C-4E11-9386-E2FC99018BC5}.Debug|x64.ActiveCfg = Debug|Any CPU
		{0131A5E8-3C4C-4E11-9386-E2FC99018BC5}.Debug|x64.Build.0 = Debug|Any CPU
		{0131A5E8-3C4C-4E11-9386-E2FC99018BC5}.Debug|x86.ActiveCfg = Debug|Any CPU
		{0131A5E8-3C4C-4E11-9386-E2FC99018BC5}.Debug|x86.Build.0 = Debug|Any CPU
		{0131A5E8-3C4C-4E11-9386-E2FC99018BC5}.Release|Any CPU.ActiveCfg = Release|Any CPU
		{0131A5E8-3C4C-4E11-9386-E2FC99018BC5}.Release|Any CPU.Build.0 = Release|Any CPU
		{0131A5E8-3C4C-4E11-9386-E2FC99018BC5}.Release|x64.ActiveCfg = Release|Any CPU
		{0131A5E8-3C4C-4E11-9386-E2FC99018BC5}.Release|x64.Build.0 = Release|Any CPU
		{0131A5E8-3C4C-4E11-9386-E2FC99018BC5}.Release|x86.ActiveCfg = Release|Any CPU
		{0131A5E8-3C4C-4E11-9386-E2FC99018BC5}.Release|x86.Build.0 = Release|Any CPU
	EndGlobalSection
	GlobalSection(SolutionProperties) = preSolution
		HideSolutionNode = FALSE
	EndGlobalSection
	GlobalSection(NestedProjects) = preSolution
		{B1000001-0000-0000-0000-000000000001} = {A1B2C3D4-0001-0001-0001-000000000001}
		{B1000002-0000-0000-0000-000000000001} = {A1B2C3D4-0001-0001-0001-000000000001}
		{B1000004-0000-0000-0000-000000000001} = {A1B2C3D4-0001-0001-0001-000000000001}
		{B1000005-0000-0000-0000-000000000001} = {A1B2C3D4-0001-0001-0001-000000000001}
		{B1000006-0000-0000-0000-000000000001} = {A1B2C3D4-0001-0001-0001-000000000001}
		{B1000007-0000-0000-0000-000000000001} = {A1B2C3D4-0001-0001-0001-000000000001}
		{B100000F-0000-0000-0000-000000000001} = {A1B2C3D4-0001-0001-0001-000000000001}
		{B1000013-0000-0000-0000-000000000001} = {A1B2C3D4-0001-0001-0001-000000000001}
		{C1000001-0000-0000-0000-000000000001} = {A1B2C3D4-0001-0001-0001-000000000002}
		{C1000002-0000-0000-0000-000000000001} = {A1B2C3D4-0001-0001-0001-000000000002}
		{C1000003-0000-0000-0000-000000000001} = {A1B2C3D4-0001-0001-0001-000000000002}
		{C1000004-0000-0000-0000-000000000001} = {A1B2C3D4-0001-0001-0001-000000000002}
		{C1000005-0000-0000-0000-000000000001} = {A1B2C3D4-0001-0001-0001-000000000002}
		{3276159F-A82B-4A7B-B3FE-1AED8B591AE5} = {A1B2C3D4-0001-0001-0001-000000000001}
		{B7F27549-09D8-4291-9395-937C18A2E662} = {A1B2C3D4-0001-0001-0001-000000000002}
		{F59C00DE-E2BB-41C0-84D2-54B5F6B0FBF2} = {A1B2C3D4-0001-0001-0001-000000000001}
		{599B79E5-42FD-4C7E-B68E-30F87102BEE7} = {A1B2C3D4-0001-0001-0001-000000000001}
		{9387BA62-022D-407D-8DB7-43C91E50B9E8} = {A1B2C3D4-0001-0001-0001-000000000001}
		{0131A5E8-3C4C-4E11-9386-E2FC99018BC5} = {A1B2C3D4-0001-0001-0001-000000000001}
	EndGlobalSection
EndGlobal
