
Microsoft Visual Studio Solution File, Format Version 12.00
# Visual Studio Version 17
VisualStudioVersion = 17.0.31903.59
MinimumVisualStudioVersion = 10.0.40219.1
Project("{2150E333-8FDC-42A3-9474-1A3956D46DE8}") = "src", "src", "{A1B2C3D4-0001-0001-0001-000000000001}"
EndProject
Project("{2150E333-8FDC-42A3-9474-1A3956D46DE8}") = "tests", "tests", "{A1B2C3D4-0001-0001-0001-000000000002}"
EndProject
Project("{FAE04EC0-301F-11D3-BF4B-00C04F79EFBC}") = "AppHost", "src\AppHost\AppHost.csproj", "{B1000001-0000-0000-0000-000000000001}"
EndProject
Project("{FAE04EC0-301F-11D3-BF4B-00C04F79EFBC}") = "ServiceDefaults", "src\ServiceDefaults\ServiceDefaults.csproj", "{B1000002-0000-0000-0000-000000000001}"
EndProject
Project("{FAE04EC0-301F-11D3-BF4B-00C04F79EFBC}") = "Ingestion.Kafka", "src\Ingestion.Kafka\Ingestion.Kafka.csproj", "{B1000004-0000-0000-0000-000000000001}"
EndProject
Project("{FAE04EC0-301F-11D3-BF4B-00C04F79EFBC}") = "Contracts", "src\Contracts\Contracts.csproj", "{B1000005-0000-0000-0000-000000000001}"
EndProject
Project("{FAE04EC0-301F-11D3-BF4B-00C04F79EFBC}") = "Workflow.Temporal", "src\Workflow.Temporal\Workflow.Temporal.csproj", "{B1000006-0000-0000-0000-000000000001}"
EndProject
Project("{FAE04EC0-301F-11D3-BF4B-00C04F79EFBC}") = "Activities", "src\Activities\Activities.csproj", "{B1000007-0000-0000-0000-000000000001}"
EndProject
Project("{FAE04EC0-301F-11D3-BF4B-00C04F79EFBC}") = "AI.Ollama", "src\AI.Ollama\AI.Ollama.csproj", "{B100000F-0000-0000-0000-000000000001}"
EndProject
Project("{FAE04EC0-301F-11D3-BF4B-00C04F79EFBC}") = "Observability", "src\Observability\Observability.csproj", "{B1000013-0000-0000-0000-000000000001}"
EndProject
Project("{FAE04EC0-301F-11D3-BF4B-00C04F79EFBC}") = "UnitTests", "tests\UnitTests\UnitTests.csproj", "{C1000001-0000-0000-0000-000000000001}"
EndProject
Project("{FAE04EC0-301F-11D3-BF4B-00C04F79EFBC}") = "IntegrationTests", "tests\IntegrationTests\IntegrationTests.csproj", "{C1000002-0000-0000-0000-000000000001}"
EndProject
Project("{FAE04EC0-301F-11D3-BF4B-00C04F79EFBC}") = "ContractTests", "tests\ContractTests\ContractTests.csproj", "{C1000003-0000-0000-0000-000000000001}"
EndProject
Project("{FAE04EC0-301F-11D3-BF4B-00C04F79EFBC}") = "WorkflowTests", "tests\WorkflowTests\WorkflowTests.csproj", "{C1000004-0000-0000-0000-000000000001}"
EndProject
Project("{FAE04EC0-301F-11D3-BF4B-00C04F79EFBC}") = "LoadTests", "tests\LoadTests\LoadTests.csproj", "{C1000005-0000-0000-0000-000000000001}"
EndProject
Project("{FAE04EC0-301F-11D3-BF4B-00C04F79EFBC}") = "OpenClaw.Web", "src\OpenClaw.Web\OpenClaw.Web.csproj", "{3276159F-A82B-4A7B-B3FE-1AED8B591AE5}"
EndProject
Project("{FAE04EC0-301F-11D3-BF4B-00C04F79EFBC}") = "PlaywrightTests", "tests\PlaywrightTests\PlaywrightTests.csproj", "{B7F27549-09D8-4291-9395-937C18A2E662}"
EndProject
Project("{FAE04EC0-301F-11D3-BF4B-00C04F79EFBC}") = "Ingestion", "src\Ingestion\Ingestion.csproj", "{F59C00DE-E2BB-41C0-84D2-54B5F6B0FBF2}"
EndProject
Project("{FAE04EC0-301F-11D3-BF4B-00C04F79EFBC}") = "Ingestion.Nats", "src\Ingestion.Nats\Ingestion.Nats.csproj", "{599B79E5-42FD-4C7E-B68E-30F87102BEE7}"
EndProject
Project("{FAE04EC0-301F-11D3-BF4B-00C04F79EFBC}") = "Ingestion.Pulsar", "src\Ingestion.Pulsar\Ingestion.Pulsar.csproj", "{9387BA62-022D-407D-8DB7-43C91E50B9E8}"
EndProject
Project("{FAE04EC0-301F-11D3-BF4B-00C04F79EFBC}") = "AI.RagFlow", "src\AI.RagFlow\AI.RagFlow.csproj", "{0131A5E8-3C4C-4E11-9386-E2FC99018BC5}"
EndProject
Project("{FAE04EC0-301F-11D3-BF4B-00C04F79EFBC}") = "Admin.Api", "src\Admin.Api\Admin.Api.csproj", "{B1000014-0000-0000-0000-000000000001}"
EndProject
Project("{FAE04EC0-301F-11D3-BF4B-00C04F79EFBC}") = "Storage.Cassandra", "src\Storage.Cassandra\Storage.Cassandra.csproj", "{452F6B5D-DC13-4DC2-BF0B-3B86F7137C8B}"
EndProject
Project("{FAE04EC0-301F-11D3-BF4B-00C04F79EFBC}") = "Demo.Pipeline", "src\Demo.Pipeline\Demo.Pipeline.csproj", "{B1000015-0000-0000-0000-000000000001}"
EndProject
Project("{FAE04EC0-301F-11D3-BF4B-00C04F79EFBC}") = "Processing.Routing", "src\Processing.Routing\Processing.Routing.csproj", "{B1000016-0000-0000-0000-000000000001}"
EndProject
Project("{FAE04EC0-301F-11D3-BF4B-00C04F79EFBC}") = "Processing.Translator", "src\Processing.Translator\Processing.Translator.csproj", "{B1000017-0000-0000-0000-000000000001}"
EndProject
Project("{FAE04EC0-301F-11D3-BF4B-00C04F79EFBC}") = "Processing.Splitter", "src\Processing.Splitter\Processing.Splitter.csproj", "{4B396E74-5644-463B-AB99-BDFC3333C88E}"
EndProject
Project("{FAE04EC0-301F-11D3-BF4B-00C04F79EFBC}") = "Processing.Aggregator", "src\Processing.Aggregator\Processing.Aggregator.csproj", "{B1000018-0000-0000-0000-000000000001}"
EndProject
Project("{FAE04EC0-301F-11D3-BF4B-00C04F79EFBC}") = "Processing.DeadLetter", "src\Processing.DeadLetter\Processing.DeadLetter.csproj", "{B1000019-0000-0000-0000-000000000001}"
EndProject
Project("{FAE04EC0-301F-11D3-BF4B-00C04F79EFBC}") = "Processing.Retry", "src\Processing.Retry\Processing.Retry.csproj", "{B100001A-0000-0000-0000-000000000001}"
EndProject
Project("{FAE04EC0-301F-11D3-BF4B-00C04F79EFBC}") = "Processing.Replay", "src\Processing.Replay\Processing.Replay.csproj", "{B100001B-0000-0000-0000-000000000001}"
EndProject
Project("{FAE04EC0-301F-11D3-BF4B-00C04F79EFBC}") = "Connector.Http", "src\Connector.Http\Connector.Http.csproj", "{B100001C-0000-0000-0000-000000000001}"
EndProject
Project("{FAE04EC0-301F-11D3-BF4B-00C04F79EFBC}") = "Connector.Sftp", "src\Connector.Sftp\Connector.Sftp.csproj", "{B100001D-0000-0000-0000-000000000001}"
EndProject
Project("{FAE04EC0-301F-11D3-BF4B-00C04F79EFBC}") = "Connector.Email", "src\Connector.Email\Connector.Email.csproj", "{B100001E-0000-0000-0000-000000000001}"
EndProject
Project("{FAE04EC0-301F-11D3-BF4B-00C04F79EFBC}") = "Connector.File", "src\Connector.File\Connector.File.csproj", "{B100001F-0000-0000-0000-000000000001}"
EndProject
Project("{FAE04EC0-301F-11D3-BF4B-00C04F79EFBC}") = "Security", "src\Security\Security.csproj", "{B1000020-0000-0000-0000-000000000001}"
EndProject
Project("{FAE04EC0-301F-11D3-BF4B-00C04F79EFBC}") = "MultiTenancy", "src\MultiTenancy\MultiTenancy.csproj", "{B1000021-0000-0000-0000-000000000001}"
EndProject
Project("{FAE04EC0-301F-11D3-BF4B-00C04F79EFBC}") = "Gateway.Api", "src\Gateway.Api\Gateway.Api.csproj", "{156D9431-6642-404B-9B57-DFD5E2B599D2}"
EndProject
Project("{FAE04EC0-301F-11D3-BF4B-00C04F79EFBC}") = "Processing.Throttle", "src\Processing.Throttle\Processing.Throttle.csproj", "{57FFA02F-C6B6-4613-B1BA-CED19AA0837F}"
EndProject
Project("{FAE04EC0-301F-11D3-BF4B-00C04F79EFBC}") = "Configuration", "src\Configuration\Configuration.csproj", "{DF06E360-2D1A-4067-8619-D821F3C32BCD}"
EndProject
Project("{FAE04EC0-301F-11D3-BF4B-00C04F79EFBC}") = "Security.Secrets", "src\Security.Secrets\Security.Secrets.csproj", "{DBD1201C-74B3-4C60-B2C3-B19CC9A8CB59}"
EndProject
Project("{FAE04EC0-301F-11D3-BF4B-00C04F79EFBC}") = "EventSourcing", "src\EventSourcing\EventSourcing.csproj", "{1482FC34-B343-4316-BDAD-4E3A5EA86512}"
EndProject
Project("{FAE04EC0-301F-11D3-BF4B-00C04F79EFBC}") = "Processing.ScatterGather", "src\Processing.ScatterGather\Processing.ScatterGather.csproj", "{8683E107-CA14-4741-AAB2-8B77DEC20D14}"
EndProject
Project("{FAE04EC0-301F-11D3-BF4B-00C04F79EFBC}") = "Processing.CompetingConsumers", "src\Processing.CompetingConsumers\Processing.CompetingConsumers.csproj", "{D69931DA-DF4B-4538-B326-AA0D0326BC8A}"
EndProject
Project("{FAE04EC0-301F-11D3-BF4B-00C04F79EFBC}") = "MultiTenancy.Onboarding", "src\MultiTenancy.Onboarding\MultiTenancy.Onboarding.csproj", "{B178653A-1FE4-4216-8A91-0F87C42E4A88}"
EndProject
Project("{FAE04EC0-301F-11D3-BF4B-00C04F79EFBC}") = "DisasterRecovery", "src\DisasterRecovery\DisasterRecovery.csproj", "{F963885A-2090-4FEC-B207-7ACB95E7AAD0}"
EndProject
Project("{FAE04EC0-301F-11D3-BF4B-00C04F79EFBC}") = "Performance.Profiling", "src\Performance.Profiling\Performance.Profiling.csproj", "{2CA37607-8841-4928-BAC0-1DB2B27B667E}"
EndProject
Project("{FAE04EC0-301F-11D3-BF4B-00C04F79EFBC}") = "Processing.Transform", "src\Processing.Transform\Processing.Transform.csproj", "{0E2344E1-5D37-40F9-ADFA-3C1E51DCD1BB}"
EndProject
Project("{FAE04EC0-301F-11D3-BF4B-00C04F79EFBC}") = "RuleEngine", "src\RuleEngine\RuleEngine.csproj", "{6E87178A-4804-459B-B643-AA11EA874CF2}"
EndProject
Project("{FAE04EC0-301F-11D3-BF4B-00C04F79EFBC}") = "Processing.Resequencer", "src\Processing.Resequencer\Processing.Resequencer.csproj", "{70A990BF-55CC-4E4E-B0CE-B1D05EF75799}"
EndProject
Project("{FAE04EC0-301F-11D3-BF4B-00C04F79EFBC}") = "Processing.Dispatcher", "src\Processing.Dispatcher\Processing.Dispatcher.csproj", "{CD8252B4-D427-4648-B752-7C69E83ED4B6}"
EndProject
Project("{FAE04EC0-301F-11D3-BF4B-00C04F79EFBC}") = "SystemManagement", "src\SystemManagement\SystemManagement.csproj", "{696931C9-2E49-4AE4-A674-4F90C2EF132F}"
EndProject
Project("{FAE04EC0-301F-11D3-BF4B-00C04F79EFBC}") = "Admin.Web", "src\Admin.Web\Admin.Web.csproj", "{3E1CCAF1-B4D9-4DA6-8439-DC169DA0CA1A}"
EndProject
Project("{FAE04EC0-301F-11D3-BF4B-00C04F79EFBC}") = "AI.RagKnowledge", "src\AI.RagKnowledge\AI.RagKnowledge.csproj", "{6074BF1F-98BF-42BB-90C0-ABA48EF8F35C}"
EndProject
Project("{FAE04EC0-301F-11D3-BF4B-00C04F79EFBC}") = "TutorialLabs", "tests\TutorialLabs\TutorialLabs.csproj", "{F7FBDC14-6ED2-46AC-B348-2427C14F0158}"
EndProject
Project("{FAE04EC0-301F-11D3-BF4B-00C04F79EFBC}") = "Processing.RequestReply", "src\Processing.RequestReply\Processing.RequestReply.csproj", "{F8DD5966-EE52-4ADA-BE4F-D23636F424F8}"
EndProject
Project("{FAE04EC0-301F-11D3-BF4B-00C04F79EFBC}") = "Connectors", "src\Connectors\Connectors.csproj", "{7998C735-EB8F-4DBE-BB32-978E9A465433}"
EndProject
Project("{FAE04EC0-301F-11D3-BF4B-00C04F79EFBC}") = "Testing", "src\Testing\Testing.csproj", "{F13607C8-980A-4EFF-93B5-5D6FE344F08C}"
EndProject
Project("{FAE04EC0-301F-11D3-BF4B-00C04F79EFBC}") = "TestAppHost", "tests\TestAppHost\TestAppHost.csproj", "{AFAA5258-2646-4159-8D88-8CACD16974E4}"
EndProject
Project("{FAE04EC0-301F-11D3-BF4B-00C04F79EFBC}") = "Ingestion.Postgres", "src\Ingestion.Postgres\Ingestion.Postgres.csproj", "{E21DA4D4-D9E0-49E4-9C36-2544A3EF4CD3}"
EndProject
Project("{FAE04EC0-301F-11D3-BF4B-00C04F79EFBC}") = "BrokerAgnosticTests", "tests\BrokerAgnosticTests\BrokerAgnosticTests.csproj", "{F89FE768-35C5-439F-9725-1E54CB8C3009}"
EndProject
Project("{FAE04EC0-301F-11D3-BF4B-00C04F79EFBC}") = "Ingestion.Northguard", "src\Ingestion.Northguard\Ingestion.Northguard.csproj", "{18508AFC-F744-4CEA-ACB4-21DE34F7F600}"
EndProject
Global
	GlobalSection(SolutionConfigurationPlatforms) = preSolution
		Debug|Any CPU = Debug|Any CPU
		Debug|x64 = Debug|x64
		Debug|x86 = Debug|x86
		Release|Any CPU = Release|Any CPU
		Release|x64 = Release|x64
		Release|x86 = Release|x86
	EndGlobalSection
	GlobalSection(ProjectConfigurationPlatforms) = postSolution
		{B1000001-0000-0000-0000-000000000001}.Debug|Any CPU.ActiveCfg = Debug|Any CPU
		{B1000001-0000-0000-0000-000000000001}.Debug|Any CPU.Build.0 = Debug|Any CPU
		{B1000001-0000-0000-0000-000000000001}.Debug|x64.ActiveCfg = Debug|Any CPU
		{B1000001-0000-0000-0000-000000000001}.Debug|x64.Build.0 = Debug|Any CPU
		{B1000001-0000-0000-0000-000000000001}.Debug|x86.ActiveCfg = Debug|Any CPU
		{B1000001-0000-0000-0000-000000000001}.Debug|x86.Build.0 = Debug|Any CPU
		{B1000001-0000-0000-0000-000000000001}.Release|Any CPU.ActiveCfg = Release|Any CPU
		{B1000001-0000-0000-0000-000000000001}.Release|Any CPU.Build.0 = Release|Any CPU
		{B1000001-0000-0000-0000-000000000001}.Release|x64.ActiveCfg = Release|Any CPU
		{B1000001-0000-0000-0000-000000000001}.Release|x64.Build.0 = Release|Any CPU
		{B1000001-0000-0000-0000-000000000001}.Release|x86.ActiveCfg = Release|Any CPU
		{B1000001-0000-0000-0000-000000000001}.Release|x86.Build.0 = Release|Any CPU
		{B1000002-0000-0000-0000-000000000001}.Debug|Any CPU.ActiveCfg = Debug|Any CPU
		{B1000002-0000-0000-0000-000000000001}.Debug|Any CPU.Build.0 = Debug|Any CPU
		{B1000002-0000-0000-0000-000000000001}.Debug|x64.ActiveCfg = Debug|Any CPU
		{B1000002-0000-0000-0000-000000000001}.Debug|x64.Build.0 = Debug|Any CPU
		{B1000002-0000-0000-0000-000000000001}.Debug|x86.ActiveCfg = Debug|Any CPU
		{B1000002-0000-0000-0000-000000000001}.Debug|x86.Build.0 = Debug|Any CPU
		{B1000002-0000-0000-0000-000000000001}.Release|Any CPU.ActiveCfg = Release|Any CPU
		{B1000002-0000-0000-0000-000000000001}.Release|Any CPU.Build.0 = Release|Any CPU
		{B1000002-0000-0000-0000-000000000001}.Release|x64.ActiveCfg = Release|Any CPU
		{B1000002-0000-0000-0000-000000000001}.Release|x64.Build.0 = Release|Any CPU
		{B1000002-0000-0000-0000-000000000001}.Release|x86.ActiveCfg = Release|Any CPU
		{B1000002-0000-0000-0000-000000000001}.Release|x86.Build.0 = Release|Any CPU
		{B1000004-0000-0000-0000-000000000001}.Debug|Any CPU.ActiveCfg = Debug|Any CPU
		{B1000004-0000-0000-0000-000000000001}.Debug|Any CPU.Build.0 = Debug|Any CPU
		{B1000004-0000-0000-0000-000000000001}.Debug|x64.ActiveCfg = Debug|Any CPU
		{B1000004-0000-0000-0000-000000000001}.Debug|x64.Build.0 = Debug|Any CPU
		{B1000004-0000-0000-0000-000000000001}.Debug|x86.ActiveCfg = Debug|Any CPU
		{B1000004-0000-0000-0000-000000000001}.Debug|x86.Build.0 = Debug|Any CPU
		{B1000004-0000-0000-0000-000000000001}.Release|Any CPU.ActiveCfg = Release|Any CPU
		{B1000004-0000-0000-0000-000000000001}.Release|Any CPU.Build.0 = Release|Any CPU
		{B1000004-0000-0000-0000-000000000001}.Release|x64.ActiveCfg = Release|Any CPU
		{B1000004-0000-0000-0000-000000000001}.Release|x64.Build.0 = Release|Any CPU
		{B1000004-0000-0000-0000-000000000001}.Release|x86.ActiveCfg = Release|Any CPU
		{B1000004-0000-0000-0000-000000000001}.Release|x86.Build.0 = Release|Any CPU
		{B1000005-0000-0000-0000-000000000001}.Debug|Any CPU.ActiveCfg = Debug|Any CPU
		{B1000005-0000-0000-0000-000000000001}.Debug|Any CPU.Build.0 = Debug|Any CPU
		{B1000005-0000-0000-0000-000000000001}.Debug|x64.ActiveCfg = Debug|Any CPU
		{B1000005-0000-0000-0000-000000000001}.Debug|x64.Build.0 = Debug|Any CPU
		{B1000005-0000-0000-0000-000000000001}.Debug|x86.ActiveCfg = Debug|Any CPU
		{B1000005-0000-0000-0000-000000000001}.Debug|x86.Build.0 = Debug|Any CPU
		{B1000005-0000-0000-0000-000000000001}.Release|Any CPU.ActiveCfg = Release|Any CPU
		{B1000005-0000-0000-0000-000000000001}.Release|Any CPU.Build.0 = Release|Any CPU
		{B1000005-0000-0000-0000-000000000001}.Release|x64.ActiveCfg = Release|Any CPU
		{B1000005-0000-0000-0000-000000000001}.Release|x64.Build.0 = Release|Any CPU
		{B1000005-0000-0000-0000-000000000001}.Release|x86.ActiveCfg = Release|Any CPU
		{B1000005-0000-0000-0000-000000000001}.Release|x86.Build.0 = Release|Any CPU
		{B1000006-0000-0000-0000-000000000001}.Debug|Any CPU.ActiveCfg = Debug|Any CPU
		{B1000006-0000-0000-0000-000000000001}.Debug|Any CPU.Build.0 = Debug|Any CPU
		{B1000006-0000-0000-0000-000000000001}.Debug|x64.ActiveCfg = Debug|Any CPU
		{B1000006-0000-0000-0000-000000000001}.Debug|x64.Build.0 = Debug|Any CPU
		{B1000006-0000-0000-0000-000000000001}.Debug|x86.ActiveCfg = Debug|Any CPU
		{B1000006-0000-0000-0000-000000000001}.Debug|x86.Build.0 = Debug|Any CPU
		{B1000006-0000-0000-0000-000000000001}.Release|Any CPU.ActiveCfg = Release|Any CPU
		{B1000006-0000-0000-0000-000000000001}.Release|Any CPU.Build.0 = Release|Any CPU
		{B1000006-0000-0000-0000-000000000001}.Release|x64.ActiveCfg = Release|Any CPU
		{B1000006-0000-0000-0000-000000000001}.Release|x64.Build.0 = Release|Any CPU
		{B1000006-0000-0000-0000-000000000001}.Release|x86.ActiveCfg = Release|Any CPU
		{B1000006-0000-0000-0000-000000000001}.Release|x86.Build.0 = Release|Any CPU
		{B1000007-0000-0000-0000-000000000001}.Debug|Any CPU.ActiveCfg = Debug|Any CPU
		{B1000007-0000-0000-0000-000000000001}.Debug|Any CPU.Build.0 = Debug|Any CPU
		{B1000007-0000-0000-0000-000000000001}.Debug|x64.ActiveCfg = Debug|Any CPU
		{B1000007-0000-0000-0000-000000000001}.Debug|x64.Build.0 = Debug|Any CPU
		{B1000007-0000-0000-0000-000000000001}.Debug|x86.ActiveCfg = Debug|Any CPU
		{B1000007-0000-0000-0000-000000000001}.Debug|x86.Build.0 = Debug|Any CPU
		{B1000007-0000-0000-0000-000000000001}.Release|Any CPU.ActiveCfg = Release|Any CPU
		{B1000007-0000-0000-0000-000000000001}.Release|Any CPU.Build.0 = Release|Any CPU
		{B1000007-0000-0000-0000-000000000001}.Release|x64.ActiveCfg = Release|Any CPU
		{B1000007-0000-0000-0000-000000000001}.Release|x64.Build.0 = Release|Any CPU
		{B1000007-0000-0000-0000-000000000001}.Release|x86.ActiveCfg = Release|Any CPU
		{B1000007-0000-0000-0000-000000000001}.Release|x86.Build.0 = Release|Any CPU
		{B100000F-0000-0000-0000-000000000001}.Debug|Any CPU.ActiveCfg = Debug|Any CPU
		{B100000F-0000-0000-0000-000000000001}.Debug|Any CPU.Build.0 = Debug|Any CPU
		{B100000F-0000-0000-0000-000000000001}.Debug|x64.ActiveCfg = Debug|Any CPU
		{B100000F-0000-0000-0000-000000000001}.Debug|x64.Build.0 = Debug|Any CPU
		{B100000F-0000-0000-0000-000000000001}.Debug|x86.ActiveCfg = Debug|Any CPU
		{B100000F-0000-0000-0000-000000000001}.Debug|x86.Build.0 = Debug|Any CPU
		{B100000F-0000-0000-0000-000000000001}.Release|Any CPU.ActiveCfg = Release|Any CPU
		{B100000F-0000-0000-0000-000000000001}.Release|Any CPU.Build.0 = Release|Any CPU
		{B100000F-0000-0000-0000-000000000001}.Release|x64.ActiveCfg = Release|Any CPU
		{B100000F-0000-0000-0000-000000000001}.Release|x64.Build.0 = Release|Any CPU
		{B100000F-0000-0000-0000-000000000001}.Release|x86.ActiveCfg = Release|Any CPU
		{B100000F-0000-0000-0000-000000000001}.Release|x86.Build.0 = Release|Any CPU
		{B1000013-0000-0000-0000-000000000001}.Debug|Any CPU.ActiveCfg = Debug|Any CPU
		{B1000013-0000-0000-0000-000000000001}.Debug|Any CPU.Build.0 = Debug|Any CPU
		{B1000013-0000-0000-0000-000000000001}.Debug|x64.ActiveCfg = Debug|Any CPU
		{B1000013-0000-0000-0000-000000000001}.Debug|x64.Build.0 = Debug|Any CPU
		{B1000013-0000-0000-0000-000000000001}.Debug|x86.ActiveCfg = Debug|Any CPU
		{B1000013-0000-0000-0000-000000000001}.Debug|x86.Build.0 = Debug|Any CPU
		{B1000013-0000-0000-0000-000000000001}.Release|Any CPU.ActiveCfg = Release|Any CPU
		{B1000013-0000-0000-0000-000000000001}.Release|Any CPU.Build.0 = Release|Any CPU
		{B1000013-0000-0000-0000-000000000001}.Release|x64.ActiveCfg = Release|Any CPU
		{B1000013-0000-0000-0000-000000000001}.Release|x64.Build.0 = Release|Any CPU
		{B1000013-0000-0000-0000-000000000001}.Release|x86.ActiveCfg = Release|Any CPU
		{B1000013-0000-0000-0000-000000000001}.Release|x86.Build.0 = Release|Any CPU
		{C1000001-0000-0000-0000-000000000001}.Debug|Any CPU.ActiveCfg = Debug|Any CPU
		{C1000001-0000-0000-0000-000000000001}.Debug|Any CPU.Build.0 = Debug|Any CPU
		{C1000001-0000-0000-0000-000000000001}.Debug|x64.ActiveCfg = Debug|Any CPU
		{C1000001-0000-0000-0000-000000000001}.Debug|x64.Build.0 = Debug|Any CPU
		{C1000001-0000-0000-0000-000000000001}.Debug|x86.ActiveCfg = Debug|Any CPU
		{C1000001-0000-0000-0000-000000000001}.Debug|x86.Build.0 = Debug|Any CPU
		{C1000001-0000-0000-0000-000000000001}.Release|Any CPU.ActiveCfg = Release|Any CPU
		{C1000001-0000-0000-0000-000000000001}.Release|Any CPU.Build.0 = Release|Any CPU
		{C1000001-0000-0000-0000-000000000001}.Release|x64.ActiveCfg = Release|Any CPU
		{C1000001-0000-0000-0000-000000000001}.Release|x64.Build.0 = Release|Any CPU
		{C1000001-0000-0000-0000-000000000001}.Release|x86.ActiveCfg = Release|Any CPU
		{C1000001-0000-0000-0000-000000000001}.Release|x86.Build.0 = Release|Any CPU
		{C1000002-0000-0000-0000-000000000001}.Debug|Any CPU.ActiveCfg = Debug|Any CPU
		{C1000002-0000-0000-0000-000000000001}.Debug|Any CPU.Build.0 = Debug|Any CPU
		{C1000002-0000-0000-0000-000000000001}.Debug|x64.ActiveCfg = Debug|Any CPU
		{C1000002-0000-0000-0000-000000000001}.Debug|x64.Build.0 = Debug|Any CPU
		{C1000002-0000-0000-0000-000000000001}.Debug|x86.ActiveCfg = Debug|Any CPU
		{C1000002-0000-0000-0000-000000000001}.Debug|x86.Build.0 = Debug|Any CPU
		{C1000002-0000-0000-0000-000000000001}.Release|Any CPU.ActiveCfg = Release|Any CPU
		{C1000002-0000-0000-0000-000000000001}.Release|Any CPU.Build.0 = Release|Any CPU
		{C1000002-0000-0000-0000-000000000001}.Release|x64.ActiveCfg = Release|Any CPU
		{C1000002-0000-0000-0000-000000000001}.Release|x64.Build.0 = Release|Any CPU
		{C1000002-0000-0000-0000-000000000001}.Release|x86.ActiveCfg = Release|Any CPU
		{C1000002-0000-0000-0000-000000000001}.Release|x86.Build.0 = Release|Any CPU
		{C1000003-0000-0000-0000-000000000001}.Debug|Any CPU.ActiveCfg = Debug|Any CPU
		{C1000003-0000-0000-0000-000000000001}.Debug|Any CPU.Build.0 = Debug|Any CPU
		{C1000003-0000-0000-0000-000000000001}.Debug|x64.ActiveCfg = Debug|Any CPU
		{C1000003-0000-0000-0000-000000000001}.Debug|x64.Build.0 = Debug|Any CPU
		{C1000003-0000-0000-0000-000000000001}.Debug|x86.ActiveCfg = Debug|Any CPU
		{C1000003-0000-0000-0000-000000000001}.Debug|x86.Build.0 = Debug|Any CPU
		{C1000003-0000-0000-0000-000000000001}.Release|Any CPU.ActiveCfg = Release|Any CPU
		{C1000003-0000-0000-0000-000000000001}.Release|Any CPU.Build.0 = Release|Any CPU
		{C1000003-0000-0000-0000-000000000001}.Release|x64.ActiveCfg = Release|Any CPU
		{C1000003-0000-0000-0000-000000000001}.Release|x64.Build.0 = Release|Any CPU
		{C1000003-0000-0000-0000-000000000001}.Release|x86.ActiveCfg = Release|Any CPU
		{C1000003-0000-0000-0000-000000000001}.Release|x86.Build.0 = Release|Any CPU
		{C1000004-0000-0000-0000-000000000001}.Debug|Any CPU.ActiveCfg = Debug|Any CPU
		{C1000004-0000-0000-0000-000000000001}.Debug|Any CPU.Build.0 = Debug|Any CPU
		{C1000004-0000-0000-0000-000000000001}.Debug|x64.ActiveCfg = Debug|Any CPU
		{C1000004-0000-0000-0000-000000000001}.Debug|x64.Build.0 = Debug|Any CPU
		{C1000004-0000-0000-0000-000000000001}.Debug|x86.ActiveCfg = Debug|Any CPU
		{C1000004-0000-0000-0000-000000000001}.Debug|x86.Build.0 = Debug|Any CPU
		{C1000004-0000-0000-0000-000000000001}.Release|Any CPU.ActiveCfg = Release|Any CPU
		{C1000004-0000-0000-0000-000000000001}.Release|Any CPU.Build.0 = Release|Any CPU
		{C1000004-0000-0000-0000-000000000001}.Release|x64.ActiveCfg = Release|Any CPU
		{C1000004-0000-0000-0000-000000000001}.Release|x64.Build.0 = Release|Any CPU
		{C1000004-0000-0000-0000-000000000001}.Release|x86.ActiveCfg = Release|Any CPU
		{C1000004-0000-0000-0000-000000000001}.Release|x86.Build.0 = Release|Any CPU
		{C1000005-0000-0000-0000-000000000001}.Debug|Any CPU.ActiveCfg = Debug|Any CPU
		{C1000005-0000-0000-0000-000000000001}.Debug|Any CPU.Build.0 = Debug|Any CPU
		{C1000005-0000-0000-0000-000000000001}.Debug|x64.ActiveCfg = Debug|Any CPU
		{C1000005-0000-0000-0000-000000000001}.Debug|x64.Build.0 = Debug|Any CPU
		{C1000005-0000-0000-0000-000000000001}.Debug|x86.ActiveCfg = Debug|Any CPU
		{C1000005-0000-0000-0000-000000000001}.Debug|x86.Build.0 = Debug|Any CPU
		{C1000005-0000-0000-0000-000000000001}.Release|Any CPU.ActiveCfg = Release|Any CPU
		{C1000005-0000-0000-0000-000000000001}.Release|Any CPU.Build.0 = Release|Any CPU
		{C1000005-0000-0000-0000-000000000001}.Release|x64.ActiveCfg = Release|Any CPU
		{C1000005-0000-0000-0000-000000000001}.Release|x64.Build.0 = Release|Any CPU
		{C1000005-0000-0000-0000-000000000001}.Release|x86.ActiveCfg = Release|Any CPU
		{C1000005-0000-0000-0000-000000000001}.Release|x86.Build.0 = Release|Any CPU
		{3276159F-A82B-4A7B-B3FE-1AED8B591AE5}.Debug|Any CPU.ActiveCfg = Debug|Any CPU
		{3276159F-A82B-4A7B-B3FE-1AED8B591AE5}.Debug|Any CPU.Build.0 = Debug|Any CPU
		{3276159F-A82B-4A7B-B3FE-1AED8B591AE5}.Debug|x64.ActiveCfg = Debug|Any CPU
		{3276159F-A82B-4A7B-B3FE-1AED8B591AE5}.Debug|x64.Build.0 = Debug|Any CPU
		{3276159F-A82B-4A7B-B3FE-1AED8B591AE5}.Debug|x86.ActiveCfg = Debug|Any CPU
		{3276159F-A82B-4A7B-B3FE-1AED8B591AE5}.Debug|x86.Build.0 = Debug|Any CPU
		{3276159F-A82B-4A7B-B3FE-1AED8B591AE5}.Release|Any CPU.ActiveCfg = Release|Any CPU
		{3276159F-A82B-4A7B-B3FE-1AED8B591AE5}.Release|Any CPU.Build.0 = Release|Any CPU
		{3276159F-A82B-4A7B-B3FE-1AED8B591AE5}.Release|x64.ActiveCfg = Release|Any CPU
		{3276159F-A82B-4A7B-B3FE-1AED8B591AE5}.Release|x64.Build.0 = Release|Any CPU
		{3276159F-A82B-4A7B-B3FE-1AED8B591AE5}.Release|x86.ActiveCfg = Release|Any CPU
		{3276159F-A82B-4A7B-B3FE-1AED8B591AE5}.Release|x86.Build.0 = Release|Any CPU
		{B7F27549-09D8-4291-9395-937C18A2E662}.Debug|Any CPU.ActiveCfg = Debug|Any CPU
		{B7F27549-09D8-4291-9395-937C18A2E662}.Debug|Any CPU.Build.0 = Debug|Any CPU
		{B7F27549-09D8-4291-9395-937C18A2E662}.Debug|x64.ActiveCfg = Debug|Any CPU
		{B7F27549-09D8-4291-9395-937C18A2E662}.Debug|x64.Build.0 = Debug|Any CPU
		{B7F27549-09D8-4291-9395-937C18A2E662}.Debug|x86.ActiveCfg = Debug|Any CPU
		{B7F27549-09D8-4291-9395-937C18A2E662}.Debug|x86.Build.0 = Debug|Any CPU
		{B7F27549-09D8-4291-9395-937C18A2E662}.Release|Any CPU.ActiveCfg = Release|Any CPU
		{B7F27549-09D8-4291-9395-937C18A2E662}.Release|Any CPU.Build.0 = Release|Any CPU
		{B7F27549-09D8-4291-9395-937C18A2E662}.Release|x64.ActiveCfg = Release|Any CPU
		{B7F27549-09D8-4291-9395-937C18A2E662}.Release|x64.Build.0 = Release|Any CPU
		{B7F27549-09D8-4291-9395-937C18A2E662}.Release|x86.ActiveCfg = Release|Any CPU
		{B7F27549-09D8-4291-9395-937C18A2E662}.Release|x86.Build.0 = Release|Any CPU
		{F59C00DE-E2BB-41C0-84D2-54B5F6B0FBF2}.Debug|Any CPU.ActiveCfg = Debug|Any CPU
		{F59C00DE-E2BB-41C0-84D2-54B5F6B0FBF2}.Debug|Any CPU.Build.0 = Debug|Any CPU
		{F59C00DE-E2BB-41C0-84D2-54B5F6B0FBF2}.Debug|x64.ActiveCfg = Debug|Any CPU
		{F59C00DE-E2BB-41C0-84D2-54B5F6B0FBF2}.Debug|x64.Build.0 = Debug|Any CPU
		{F59C00DE-E2BB-41C0-84D2-54B5F6B0FBF2}.Debug|x86.ActiveCfg = Debug|Any CPU
		{F59C00DE-E2BB-41C0-84D2-54B5F6B0FBF2}.Debug|x86.Build.0 = Debug|Any CPU
		{F59C00DE-E2BB-41C0-84D2-54B5F6B0FBF2}.Release|Any CPU.ActiveCfg = Release|Any CPU
		{F59C00DE-E2BB-41C0-84D2-54B5F6B0FBF2}.Release|Any CPU.Build.0 = Release|Any CPU
		{F59C00DE-E2BB-41C0-84D2-54B5F6B0FBF2}.Release|x64.ActiveCfg = Release|Any CPU
		{F59C00DE-E2BB-41C0-84D2-54B5F6B0FBF2}.Release|x64.Build.0 = Release|Any CPU
		{F59C00DE-E2BB-41C0-84D2-54B5F6B0FBF2}.Release|x86.ActiveCfg = Release|Any CPU
		{F59C00DE-E2BB-41C0-84D2-54B5F6B0FBF2}.Release|x86.Build.0 = Release|Any CPU
		{599B79E5-42FD-4C7E-B68E-30F87102BEE7}.Debug|Any CPU.ActiveCfg = Debug|Any CPU
		{599B79E5-42FD-4C7E-B68E-30F87102BEE7}.Debug|Any CPU.Build.0 = Debug|Any CPU
		{599B79E5-42FD-4C7E-B68E-30F87102BEE7}.Debug|x64.ActiveCfg = Debug|Any CPU
		{599B79E5-42FD-4C7E-B68E-30F87102BEE7}.Debug|x64.Build.0 = Debug|Any CPU
		{599B79E5-42FD-4C7E-B68E-30F87102BEE7}.Debug|x86.ActiveCfg = Debug|Any CPU
		{599B79E5-42FD-4C7E-B68E-30F87102BEE7}.Debug|x86.Build.0 = Debug|Any CPU
		{599B79E5-42FD-4C7E-B68E-30F87102BEE7}.Release|Any CPU.ActiveCfg = Release|Any CPU
		{599B79E5-42FD-4C7E-B68E-30F87102BEE7}.Release|Any CPU.Build.0 = Release|Any CPU
		{599B79E5-42FD-4C7E-B68E-30F87102BEE7}.Release|x64.ActiveCfg = Release|Any CPU
		{599B79E5-42FD-4C7E-B68E-30F87102BEE7}.Release|x64.Build.0 = Release|Any CPU
		{599B79E5-42FD-4C7E-B68E-30F87102BEE7}.Release|x86.ActiveCfg = Release|Any CPU
		{599B79E5-42FD-4C7E-B68E-30F87102BEE7}.Release|x86.Build.0 = Release|Any CPU
		{9387BA62-022D-407D-8DB7-43C91E50B9E8}.Debug|Any CPU.ActiveCfg = Debug|Any CPU
		{9387BA62-022D-407D-8DB7-43C91E50B9E8}.Debug|Any CPU.Build.0 = Debug|Any CPU
		{9387BA62-022D-407D-8DB7-43C91E50B9E8}.Debug|x64.ActiveCfg = Debug|Any CPU
		{9387BA62-022D-407D-8DB7-43C91E50B9E8}.Debug|x64.Build.0 = Debug|Any CPU
		{9387BA62-022D-407D-8DB7-43C91E50B9E8}.Debug|x86.ActiveCfg = Debug|Any CPU
		{9387BA62-022D-407D-8DB7-43C91E50B9E8}.Debug|x86.Build.0 = Debug|Any CPU
		{9387BA62-022D-407D-8DB7-43C91E50B9E8}.Release|Any CPU.ActiveCfg = Release|Any CPU
		{9387BA62-022D-407D-8DB7-43C91E50B9E8}.Release|Any CPU.Build.0 = Release|Any CPU
		{9387BA62-022D-407D-8DB7-43C91E50B9E8}.Release|x64.ActiveCfg = Release|Any CPU
		{9387BA62-022D-407D-8DB7-43C91E50B9E8}.Release|x64.Build.0 = Release|Any CPU
		{9387BA62-022D-407D-8DB7-43C91E50B9E8}.Release|x86.ActiveCfg = Release|Any CPU
		{9387BA62-022D-407D-8DB7-43C91E50B9E8}.Release|x86.Build.0 = Release|Any CPU
		{0131A5E8-3C4C-4E11-9386-E2FC99018BC5}.Debug|Any CPU.ActiveCfg = Debug|Any CPU
		{0131A5E8-3C4C-4E11-9386-E2FC99018BC5}.Debug|Any CPU.Build.0 = Debug|Any CPU
		{0131A5E8-3C4C-4E11-9386-E2FC99018BC5}.Debug|x64.ActiveCfg = Debug|Any CPU
		{0131A5E8-3C4C-4E11-9386-E2FC99018BC5}.Debug|x64.Build.0 = Debug|Any CPU
		{0131A5E8-3C4C-4E11-9386-E2FC99018BC5}.Debug|x86.ActiveCfg = Debug|Any CPU
		{0131A5E8-3C4C-4E11-9386-E2FC99018BC5}.Debug|x86.Build.0 = Debug|Any CPU
		{0131A5E8-3C4C-4E11-9386-E2FC99018BC5}.Release|Any CPU.ActiveCfg = Release|Any CPU
		{0131A5E8-3C4C-4E11-9386-E2FC99018BC5}.Release|Any CPU.Build.0 = Release|Any CPU
		{0131A5E8-3C4C-4E11-9386-E2FC99018BC5}.Release|x64.ActiveCfg = Release|Any CPU
		{0131A5E8-3C4C-4E11-9386-E2FC99018BC5}.Release|x64.Build.0 = Release|Any CPU
		{0131A5E8-3C4C-4E11-9386-E2FC99018BC5}.Release|x86.ActiveCfg = Release|Any CPU
		{0131A5E8-3C4C-4E11-9386-E2FC99018BC5}.Release|x86.Build.0 = Release|Any CPU
		{452F6B5D-DC13-4DC2-BF0B-3B86F7137C8B}.Debug|Any CPU.ActiveCfg = Debug|Any CPU
		{452F6B5D-DC13-4DC2-BF0B-3B86F7137C8B}.Debug|Any CPU.Build.0 = Debug|Any CPU
		{452F6B5D-DC13-4DC2-BF0B-3B86F7137C8B}.Debug|x64.ActiveCfg = Debug|Any CPU
		{452F6B5D-DC13-4DC2-BF0B-3B86F7137C8B}.Debug|x64.Build.0 = Debug|Any CPU
		{452F6B5D-DC13-4DC2-BF0B-3B86F7137C8B}.Debug|x86.ActiveCfg = Debug|Any CPU
		{452F6B5D-DC13-4DC2-BF0B-3B86F7137C8B}.Debug|x86.Build.0 = Debug|Any CPU
		{452F6B5D-DC13-4DC2-BF0B-3B86F7137C8B}.Release|Any CPU.ActiveCfg = Release|Any CPU
		{452F6B5D-DC13-4DC2-BF0B-3B86F7137C8B}.Release|Any CPU.Build.0 = Release|Any CPU
		{452F6B5D-DC13-4DC2-BF0B-3B86F7137C8B}.Release|x64.ActiveCfg = Release|Any CPU
		{452F6B5D-DC13-4DC2-BF0B-3B86F7137C8B}.Release|x64.Build.0 = Release|Any CPU
		{452F6B5D-DC13-4DC2-BF0B-3B86F7137C8B}.Release|x86.ActiveCfg = Release|Any CPU
		{452F6B5D-DC13-4DC2-BF0B-3B86F7137C8B}.Release|x86.Build.0 = Release|Any CPU
		{B1000015-0000-0000-0000-000000000001}.Debug|Any CPU.ActiveCfg = Debug|Any CPU
		{B1000015-0000-0000-0000-000000000001}.Debug|Any CPU.Build.0 = Debug|Any CPU
		{B1000015-0000-0000-0000-000000000001}.Debug|x64.ActiveCfg = Debug|Any CPU
		{B1000015-0000-0000-0000-000000000001}.Debug|x64.Build.0 = Debug|Any CPU
		{B1000015-0000-0000-0000-000000000001}.Debug|x86.ActiveCfg = Debug|Any CPU
		{B1000015-0000-0000-0000-000000000001}.Debug|x86.Build.0 = Debug|Any CPU
		{B1000015-0000-0000-0000-000000000001}.Release|Any CPU.ActiveCfg = Release|Any CPU
		{B1000015-0000-0000-0000-000000000001}.Release|Any CPU.Build.0 = Release|Any CPU
		{B1000015-0000-0000-0000-000000000001}.Release|x64.ActiveCfg = Release|Any CPU
		{B1000015-0000-0000-0000-000000000001}.Release|x64.Build.0 = Release|Any CPU
		{B1000015-0000-0000-0000-000000000001}.Release|x86.ActiveCfg = Release|Any CPU
		{B1000015-0000-0000-0000-000000000001}.Release|x86.Build.0 = Release|Any CPU
		{B1000016-0000-0000-0000-000000000001}.Debug|Any CPU.ActiveCfg = Debug|Any CPU
		{B1000016-0000-0000-0000-000000000001}.Debug|Any CPU.Build.0 = Debug|Any CPU
		{B1000016-0000-0000-0000-000000000001}.Debug|x64.ActiveCfg = Debug|Any CPU
		{B1000016-0000-0000-0000-000000000001}.Debug|x64.Build.0 = Debug|Any CPU
		{B1000016-0000-0000-0000-000000000001}.Debug|x86.ActiveCfg = Debug|Any CPU
		{B1000016-0000-0000-0000-000000000001}.Debug|x86.Build.0 = Debug|Any CPU
		{B1000016-0000-0000-0000-000000000001}.Release|Any CPU.ActiveCfg = Release|Any CPU
		{B1000016-0000-0000-0000-000000000001}.Release|Any CPU.Build.0 = Release|Any CPU
		{B1000016-0000-0000-0000-000000000001}.Release|x64.ActiveCfg = Release|Any CPU
		{B1000016-0000-0000-0000-000000000001}.Release|x64.Build.0 = Release|Any CPU
		{B1000016-0000-0000-0000-000000000001}.Release|x86.ActiveCfg = Release|Any CPU
		{B1000016-0000-0000-0000-000000000001}.Release|x86.Build.0 = Release|Any CPU
		{B1000017-0000-0000-0000-000000000001}.Debug|Any CPU.ActiveCfg = Debug|Any CPU
		{B1000017-0000-0000-0000-000000000001}.Debug|Any CPU.Build.0 = Debug|Any CPU
		{B1000017-0000-0000-0000-000000000001}.Debug|x64.ActiveCfg = Debug|Any CPU
		{B1000017-0000-0000-0000-000000000001}.Debug|x64.Build.0 = Debug|Any CPU
		{B1000017-0000-0000-0000-000000000001}.Debug|x86.ActiveCfg = Debug|Any CPU
		{B1000017-0000-0000-0000-000000000001}.Debug|x86.Build.0 = Debug|Any CPU
		{B1000017-0000-0000-0000-000000000001}.Release|Any CPU.ActiveCfg = Release|Any CPU
		{B1000017-0000-0000-0000-000000000001}.Release|Any CPU.Build.0 = Release|Any CPU
		{B1000017-0000-0000-0000-000000000001}.Release|x64.ActiveCfg = Release|Any CPU
		{B1000017-0000-0000-0000-000000000001}.Release|x64.Build.0 = Release|Any CPU
		{B1000017-0000-0000-0000-000000000001}.Release|x86.ActiveCfg = Release|Any CPU
		{B1000017-0000-0000-0000-000000000001}.Release|x86.Build.0 = Release|Any CPU
		{4B396E74-5644-463B-AB99-BDFC3333C88E}.Debug|Any CPU.ActiveCfg = Debug|Any CPU
		{4B396E74-5644-463B-AB99-BDFC3333C88E}.Debug|Any CPU.Build.0 = Debug|Any CPU
		{4B396E74-5644-463B-AB99-BDFC3333C88E}.Debug|x64.ActiveCfg = Debug|Any CPU
		{4B396E74-5644-463B-AB99-BDFC3333C88E}.Debug|x64.Build.0 = Debug|Any CPU
		{4B396E74-5644-463B-AB99-BDFC3333C88E}.Debug|x86.ActiveCfg = Debug|Any CPU
		{4B396E74-5644-463B-AB99-BDFC3333C88E}.Debug|x86.Build.0 = Debug|Any CPU
		{4B396E74-5644-463B-AB99-BDFC3333C88E}.Release|Any CPU.ActiveCfg = Release|Any CPU
		{4B396E74-5644-463B-AB99-BDFC3333C88E}.Release|Any CPU.Build.0 = Release|Any CPU
		{4B396E74-5644-463B-AB99-BDFC3333C88E}.Release|x64.ActiveCfg = Release|Any CPU
		{4B396E74-5644-463B-AB99-BDFC3333C88E}.Release|x64.Build.0 = Release|Any CPU
		{4B396E74-5644-463B-AB99-BDFC3333C88E}.Release|x86.ActiveCfg = Release|Any CPU
		{4B396E74-5644-463B-AB99-BDFC3333C88E}.Release|x86.Build.0 = Release|Any CPU
		{B1000018-0000-0000-0000-000000000001}.Debug|Any CPU.ActiveCfg = Debug|Any CPU
		{B1000018-0000-0000-0000-000000000001}.Debug|Any CPU.Build.0 = Debug|Any CPU
		{B1000018-0000-0000-0000-000000000001}.Debug|x64.ActiveCfg = Debug|Any CPU
		{B1000018-0000-0000-0000-000000000001}.Debug|x64.Build.0 = Debug|Any CPU
		{B1000018-0000-0000-0000-000000000001}.Debug|x86.ActiveCfg = Debug|Any CPU
		{B1000018-0000-0000-0000-000000000001}.Debug|x86.Build.0 = Debug|Any CPU
		{B1000018-0000-0000-0000-000000000001}.Release|Any CPU.ActiveCfg = Release|Any CPU
		{B1000018-0000-0000-0000-000000000001}.Release|Any CPU.Build.0 = Release|Any CPU
		{B1000018-0000-0000-0000-000000000001}.Release|x64.ActiveCfg = Release|Any CPU
		{B1000018-0000-0000-0000-000000000001}.Release|x64.Build.0 = Release|Any CPU
		{B1000018-0000-0000-0000-000000000001}.Release|x86.ActiveCfg = Release|Any CPU
		{B1000018-0000-0000-0000-000000000001}.Release|x86.Build.0 = Release|Any CPU
		{B1000019-0000-0000-0000-000000000001}.Debug|Any CPU.ActiveCfg = Debug|Any CPU
		{B1000019-0000-0000-0000-000000000001}.Debug|Any CPU.Build.0 = Debug|Any CPU
		{B1000019-0000-0000-0000-000000000001}.Debug|x64.ActiveCfg = Debug|Any CPU
		{B1000019-0000-0000-0000-000000000001}.Debug|x64.Build.0 = Debug|Any CPU
		{B1000019-0000-0000-0000-000000000001}.Debug|x86.ActiveCfg = Debug|Any CPU
		{B1000019-0000-0000-0000-000000000001}.Debug|x86.Build.0 = Debug|Any CPU
		{B1000019-0000-0000-0000-000000000001}.Release|Any CPU.ActiveCfg = Release|Any CPU
		{B1000019-0000-0000-0000-000000000001}.Release|Any CPU.Build.0 = Release|Any CPU
		{B1000019-0000-0000-0000-000000000001}.Release|x64.ActiveCfg = Release|Any CPU
		{B1000019-0000-0000-0000-000000000001}.Release|x64.Build.0 = Release|Any CPU
		{B1000019-0000-0000-0000-000000000001}.Release|x86.ActiveCfg = Release|Any CPU
		{B1000019-0000-0000-0000-000000000001}.Release|x86.Build.0 = Release|Any CPU
		{B100001A-0000-0000-0000-000000000001}.Debug|Any CPU.ActiveCfg = Debug|Any CPU
		{B100001A-0000-0000-0000-000000000001}.Debug|Any CPU.Build.0 = Debug|Any CPU
		{B100001A-0000-0000-0000-000000000001}.Debug|x64.ActiveCfg = Debug|Any CPU
		{B100001A-0000-0000-0000-000000000001}.Debug|x64.Build.0 = Debug|Any CPU
		{B100001A-0000-0000-0000-000000000001}.Debug|x86.ActiveCfg = Debug|Any CPU
		{B100001A-0000-0000-0000-000000000001}.Debug|x86.Build.0 = Debug|Any CPU
		{B100001A-0000-0000-0000-000000000001}.Release|Any CPU.ActiveCfg = Release|Any CPU
		{B100001A-0000-0000-0000-000000000001}.Release|Any CPU.Build.0 = Release|Any CPU
		{B100001A-0000-0000-0000-000000000001}.Release|x64.ActiveCfg = Release|Any CPU
		{B100001A-0000-0000-0000-000000000001}.Release|x64.Build.0 = Release|Any CPU
		{B100001A-0000-0000-0000-000000000001}.Release|x86.ActiveCfg = Release|Any CPU
		{B100001A-0000-0000-0000-000000000001}.Release|x86.Build.0 = Release|Any CPU
		{B100001B-0000-0000-0000-000000000001}.Debug|Any CPU.ActiveCfg = Debug|Any CPU
		{B100001B-0000-0000-0000-000000000001}.Debug|Any CPU.Build.0 = Debug|Any CPU
		{B100001B-0000-0000-0000-000000000001}.Debug|x64.ActiveCfg = Debug|Any CPU
		{B100001B-0000-0000-0000-000000000001}.Debug|x64.Build.0 = Debug|Any CPU
		{B100001B-0000-0000-0000-000000000001}.Debug|x86.ActiveCfg = Debug|Any CPU
		{B100001B-0000-0000-0000-000000000001}.Debug|x86.Build.0 = Debug|Any CPU
		{B100001B-0000-0000-0000-000000000001}.Release|Any CPU.ActiveCfg = Release|Any CPU
		{B100001B-0000-0000-0000-000000000001}.Release|Any CPU.Build.0 = Release|Any CPU
		{B100001B-0000-0000-0000-000000000001}.Release|x64.ActiveCfg = Release|Any CPU
		{B100001B-0000-0000-0000-000000000001}.Release|x64.Build.0 = Release|Any CPU
		{B100001B-0000-0000-0000-000000000001}.Release|x86.ActiveCfg = Release|Any CPU
		{B100001B-0000-0000-0000-000000000001}.Release|x86.Build.0 = Release|Any CPU
		{B100001C-0000-0000-0000-000000000001}.Debug|Any CPU.ActiveCfg = Debug|Any CPU
		{B100001C-0000-0000-0000-000000000001}.Debug|Any CPU.Build.0 = Debug|Any CPU
		{B100001C-0000-0000-0000-000000000001}.Debug|x64.ActiveCfg = Debug|Any CPU
		{B100001C-0000-0000-0000-000000000001}.Debug|x64.Build.0 = Debug|Any CPU
		{B100001C-0000-0000-0000-000000000001}.Debug|x86.ActiveCfg = Debug|Any CPU
		{B100001C-0000-0000-0000-000000000001}.Debug|x86.Build.0 = Debug|Any CPU
		{B100001C-0000-0000-0000-000000000001}.Release|Any CPU.ActiveCfg = Release|Any CPU
		{B100001C-0000-0000-0000-000000000001}.Release|Any CPU.Build.0 = Release|Any CPU
		{B100001C-0000-0000-0000-000000000001}.Release|x64.ActiveCfg = Release|Any CPU
		{B100001C-0000-0000-0000-000000000001}.Release|x64.Build.0 = Release|Any CPU
		{B100001C-0000-0000-0000-000000000001}.Release|x86.ActiveCfg = Release|Any CPU
		{B100001C-0000-0000-0000-000000000001}.Release|x86.Build.0 = Release|Any CPU
		{B100001D-0000-0000-0000-000000000001}.Debug|Any CPU.ActiveCfg = Debug|Any CPU
		{B100001D-0000-0000-0000-000000000001}.Debug|Any CPU.Build.0 = Debug|Any CPU
		{B100001D-0000-0000-0000-000000000001}.Debug|x64.ActiveCfg = Debug|Any CPU
		{B100001D-0000-0000-0000-000000000001}.Debug|x64.Build.0 = Debug|Any CPU
		{B100001D-0000-0000-0000-000000000001}.Debug|x86.ActiveCfg = Debug|Any CPU
		{B100001D-0000-0000-0000-000000000001}.Debug|x86.Build.0 = Debug|Any CPU
		{B100001D-0000-0000-0000-000000000001}.Release|Any CPU.ActiveCfg = Release|Any CPU
		{B100001D-0000-0000-0000-000000000001}.Release|Any CPU.Build.0 = Release|Any CPU
		{B100001D-0000-0000-0000-000000000001}.Release|x64.ActiveCfg = Release|Any CPU
		{B100001D-0000-0000-0000-000000000001}.Release|x64.Build.0 = Release|Any CPU
		{B100001D-0000-0000-0000-000000000001}.Release|x86.ActiveCfg = Release|Any CPU
		{B100001D-0000-0000-0000-000000000001}.Release|x86.Build.0 = Release|Any CPU
		{B100001E-0000-0000-0000-000000000001}.Debug|Any CPU.ActiveCfg = Debug|Any CPU
		{B100001E-0000-0000-0000-000000000001}.Debug|Any CPU.Build.0 = Debug|Any CPU
		{B100001E-0000-0000-0000-000000000001}.Debug|x64.ActiveCfg = Debug|Any CPU
		{B100001E-0000-0000-0000-000000000001}.Debug|x64.Build.0 = Debug|Any CPU
		{B100001E-0000-0000-0000-000000000001}.Debug|x86.ActiveCfg = Debug|Any CPU
		{B100001E-0000-0000-0000-000000000001}.Debug|x86.Build.0 = Debug|Any CPU
		{B100001E-0000-0000-0000-000000000001}.Release|Any CPU.ActiveCfg = Release|Any CPU
		{B100001E-0000-0000-0000-000000000001}.Release|Any CPU.Build.0 = Release|Any CPU
		{B100001E-0000-0000-0000-000000000001}.Release|x64.ActiveCfg = Release|Any CPU
		{B100001E-0000-0000-0000-000000000001}.Release|x64.Build.0 = Release|Any CPU
		{B100001E-0000-0000-0000-000000000001}.Release|x86.ActiveCfg = Release|Any CPU
		{B100001E-0000-0000-0000-000000000001}.Release|x86.Build.0 = Release|Any CPU
		{B100001F-0000-0000-0000-000000000001}.Debug|Any CPU.ActiveCfg = Debug|Any CPU
		{B100001F-0000-0000-0000-000000000001}.Debug|Any CPU.Build.0 = Debug|Any CPU
		{B100001F-0000-0000-0000-000000000001}.Debug|x64.ActiveCfg = Debug|Any CPU
		{B100001F-0000-0000-0000-000000000001}.Debug|x64.Build.0 = Debug|Any CPU
		{B100001F-0000-0000-0000-000000000001}.Debug|x86.ActiveCfg = Debug|Any CPU
		{B100001F-0000-0000-0000-000000000001}.Debug|x86.Build.0 = Debug|Any CPU
		{B100001F-0000-0000-0000-000000000001}.Release|Any CPU.ActiveCfg = Release|Any CPU
		{B100001F-0000-0000-0000-000000000001}.Release|Any CPU.Build.0 = Release|Any CPU
		{B100001F-0000-0000-0000-000000000001}.Release|x64.ActiveCfg = Release|Any CPU
		{B100001F-0000-0000-0000-000000000001}.Release|x64.Build.0 = Release|Any CPU
		{B100001F-0000-0000-0000-000000000001}.Release|x86.ActiveCfg = Release|Any CPU
		{B100001F-0000-0000-0000-000000000001}.Release|x86.Build.0 = Release|Any CPU
		{156D9431-6642-404B-9B57-DFD5E2B599D2}.Debug|Any CPU.ActiveCfg = Debug|Any CPU
		{156D9431-6642-404B-9B57-DFD5E2B599D2}.Debug|Any CPU.Build.0 = Debug|Any CPU
		{156D9431-6642-404B-9B57-DFD5E2B599D2}.Debug|x64.ActiveCfg = Debug|Any CPU
		{156D9431-6642-404B-9B57-DFD5E2B599D2}.Debug|x64.Build.0 = Debug|Any CPU
		{156D9431-6642-404B-9B57-DFD5E2B599D2}.Debug|x86.ActiveCfg = Debug|Any CPU
		{156D9431-6642-404B-9B57-DFD5E2B599D2}.Debug|x86.Build.0 = Debug|Any CPU
		{156D9431-6642-404B-9B57-DFD5E2B599D2}.Release|Any CPU.ActiveCfg = Release|Any CPU
		{156D9431-6642-404B-9B57-DFD5E2B599D2}.Release|Any CPU.Build.0 = Release|Any CPU
		{156D9431-6642-404B-9B57-DFD5E2B599D2}.Release|x64.ActiveCfg = Release|Any CPU
		{156D9431-6642-404B-9B57-DFD5E2B599D2}.Release|x64.Build.0 = Release|Any CPU
		{156D9431-6642-404B-9B57-DFD5E2B599D2}.Release|x86.ActiveCfg = Release|Any CPU
		{156D9431-6642-404B-9B57-DFD5E2B599D2}.Release|x86.Build.0 = Release|Any CPU
		{57FFA02F-C6B6-4613-B1BA-CED19AA0837F}.Debug|Any CPU.ActiveCfg = Debug|Any CPU
		{57FFA02F-C6B6-4613-B1BA-CED19AA0837F}.Debug|Any CPU.Build.0 = Debug|Any CPU
		{57FFA02F-C6B6-4613-B1BA-CED19AA0837F}.Debug|x64.ActiveCfg = Debug|Any CPU
		{57FFA02F-C6B6-4613-B1BA-CED19AA0837F}.Debug|x64.Build.0 = Debug|Any CPU
		{57FFA02F-C6B6-4613-B1BA-CED19AA0837F}.Debug|x86.ActiveCfg = Debug|Any CPU
		{57FFA02F-C6B6-4613-B1BA-CED19AA0837F}.Debug|x86.Build.0 = Debug|Any CPU
		{57FFA02F-C6B6-4613-B1BA-CED19AA0837F}.Release|Any CPU.ActiveCfg = Release|Any CPU
		{57FFA02F-C6B6-4613-B1BA-CED19AA0837F}.Release|Any CPU.Build.0 = Release|Any CPU
		{57FFA02F-C6B6-4613-B1BA-CED19AA0837F}.Release|x64.ActiveCfg = Release|Any CPU
		{57FFA02F-C6B6-4613-B1BA-CED19AA0837F}.Release|x64.Build.0 = Release|Any CPU
		{57FFA02F-C6B6-4613-B1BA-CED19AA0837F}.Release|x86.ActiveCfg = Release|Any CPU
		{57FFA02F-C6B6-4613-B1BA-CED19AA0837F}.Release|x86.Build.0 = Release|Any CPU
		{DF06E360-2D1A-4067-8619-D821F3C32BCD}.Debug|Any CPU.ActiveCfg = Debug|Any CPU
		{DF06E360-2D1A-4067-8619-D821F3C32BCD}.Debug|Any CPU.Build.0 = Debug|Any CPU
		{DF06E360-2D1A-4067-8619-D821F3C32BCD}.Debug|x64.ActiveCfg = Debug|Any CPU
		{DF06E360-2D1A-4067-8619-D821F3C32BCD}.Debug|x64.Build.0 = Debug|Any CPU
		{DF06E360-2D1A-4067-8619-D821F3C32BCD}.Debug|x86.ActiveCfg = Debug|Any CPU
		{DF06E360-2D1A-4067-8619-D821F3C32BCD}.Debug|x86.Build.0 = Debug|Any CPU
		{DF06E360-2D1A-4067-8619-D821F3C32BCD}.Release|Any CPU.ActiveCfg = Release|Any CPU
		{DF06E360-2D1A-4067-8619-D821F3C32BCD}.Release|Any CPU.Build.0 = Release|Any CPU
		{DF06E360-2D1A-4067-8619-D821F3C32BCD}.Release|x64.ActiveCfg = Release|Any CPU
		{DF06E360-2D1A-4067-8619-D821F3C32BCD}.Release|x64.Build.0 = Release|Any CPU
		{DF06E360-2D1A-4067-8619-D821F3C32BCD}.Release|x86.ActiveCfg = Release|Any CPU
		{DF06E360-2D1A-4067-8619-D821F3C32BCD}.Release|x86.Build.0 = Release|Any CPU
		{DBD1201C-74B3-4C60-B2C3-B19CC9A8CB59}.Debug|Any CPU.ActiveCfg = Debug|Any CPU
		{DBD1201C-74B3-4C60-B2C3-B19CC9A8CB59}.Debug|Any CPU.Build.0 = Debug|Any CPU
		{DBD1201C-74B3-4C60-B2C3-B19CC9A8CB59}.Debug|x64.ActiveCfg = Debug|Any CPU
		{DBD1201C-74B3-4C60-B2C3-B19CC9A8CB59}.Debug|x64.Build.0 = Debug|Any CPU
		{DBD1201C-74B3-4C60-B2C3-B19CC9A8CB59}.Debug|x86.ActiveCfg = Debug|Any CPU
		{DBD1201C-74B3-4C60-B2C3-B19CC9A8CB59}.Debug|x86.Build.0 = Debug|Any CPU
		{DBD1201C-74B3-4C60-B2C3-B19CC9A8CB59}.Release|Any CPU.ActiveCfg = Release|Any CPU
		{DBD1201C-74B3-4C60-B2C3-B19CC9A8CB59}.Release|Any CPU.Build.0 = Release|Any CPU
		{DBD1201C-74B3-4C60-B2C3-B19CC9A8CB59}.Release|x64.ActiveCfg = Release|Any CPU
		{DBD1201C-74B3-4C60-B2C3-B19CC9A8CB59}.Release|x64.Build.0 = Release|Any CPU
		{DBD1201C-74B3-4C60-B2C3-B19CC9A8CB59}.Release|x86.ActiveCfg = Release|Any CPU
		{DBD1201C-74B3-4C60-B2C3-B19CC9A8CB59}.Release|x86.Build.0 = Release|Any CPU
		{1482FC34-B343-4316-BDAD-4E3A5EA86512}.Debug|Any CPU.ActiveCfg = Debug|Any CPU
		{1482FC34-B343-4316-BDAD-4E3A5EA86512}.Debug|Any CPU.Build.0 = Debug|Any CPU
		{1482FC34-B343-4316-BDAD-4E3A5EA86512}.Debug|x64.ActiveCfg = Debug|Any CPU
		{1482FC34-B343-4316-BDAD-4E3A5EA86512}.Debug|x64.Build.0 = Debug|Any CPU
		{1482FC34-B343-4316-BDAD-4E3A5EA86512}.Debug|x86.ActiveCfg = Debug|Any CPU
		{1482FC34-B343-4316-BDAD-4E3A5EA86512}.Debug|x86.Build.0 = Debug|Any CPU
		{1482FC34-B343-4316-BDAD-4E3A5EA86512}.Release|Any CPU.ActiveCfg = Release|Any CPU
		{1482FC34-B343-4316-BDAD-4E3A5EA86512}.Release|Any CPU.Build.0 = Release|Any CPU
		{1482FC34-B343-4316-BDAD-4E3A5EA86512}.Release|x64.ActiveCfg = Release|Any CPU
		{1482FC34-B343-4316-BDAD-4E3A5EA86512}.Release|x64.Build.0 = Release|Any CPU
		{1482FC34-B343-4316-BDAD-4E3A5EA86512}.Release|x86.ActiveCfg = Release|Any CPU
		{1482FC34-B343-4316-BDAD-4E3A5EA86512}.Release|x86.Build.0 = Release|Any CPU
		{8683E107-CA14-4741-AAB2-8B77DEC20D14}.Debug|Any CPU.ActiveCfg = Debug|Any CPU
		{8683E107-CA14-4741-AAB2-8B77DEC20D14}.Debug|Any CPU.Build.0 = Debug|Any CPU
		{8683E107-CA14-4741-AAB2-8B77DEC20D14}.Debug|x64.ActiveCfg = Debug|Any CPU
		{8683E107-CA14-4741-AAB2-8B77DEC20D14}.Debug|x64.Build.0 = Debug|Any CPU
		{8683E107-CA14-4741-AAB2-8B77DEC20D14}.Debug|x86.ActiveCfg = Debug|Any CPU
		{8683E107-CA14-4741-AAB2-8B77DEC20D14}.Debug|x86.Build.0 = Debug|Any CPU
		{8683E107-CA14-4741-AAB2-8B77DEC20D14}.Release|Any CPU.ActiveCfg = Release|Any CPU
		{8683E107-CA14-4741-AAB2-8B77DEC20D14}.Release|Any CPU.Build.0 = Release|Any CPU
		{8683E107-CA14-4741-AAB2-8B77DEC20D14}.Release|x64.ActiveCfg = Release|Any CPU
		{8683E107-CA14-4741-AAB2-8B77DEC20D14}.Release|x64.Build.0 = Release|Any CPU
		{8683E107-CA14-4741-AAB2-8B77DEC20D14}.Release|x86.ActiveCfg = Release|Any CPU
		{8683E107-CA14-4741-AAB2-8B77DEC20D14}.Release|x86.Build.0 = Release|Any CPU
		{D69931DA-DF4B-4538-B326-AA0D0326BC8A}.Debug|Any CPU.ActiveCfg = Debug|Any CPU
		{D69931DA-DF4B-4538-B326-AA0D0326BC8A}.Debug|Any CPU.Build.0 = Debug|Any CPU
		{D69931DA-DF4B-4538-B326-AA0D0326BC8A}.Debug|x64.ActiveCfg = Debug|Any CPU
		{D69931DA-DF4B-4538-B326-AA0D0326BC8A}.Debug|x64.Build.0 = Debug|Any CPU
		{D69931DA-DF4B-4538-B326-AA0D0326BC8A}.Debug|x86.ActiveCfg = Debug|Any CPU
		{D69931DA-DF4B-4538-B326-AA0D0326BC8A}.Debug|x86.Build.0 = Debug|Any CPU
		{D69931DA-DF4B-4538-B326-AA0D0326BC8A}.Release|Any CPU.ActiveCfg = Release|Any CPU
		{D69931DA-DF4B-4538-B326-AA0D0326BC8A}.Release|Any CPU.Build.0 = Release|Any CPU
		{D69931DA-DF4B-4538-B326-AA0D0326BC8A}.Release|x64.ActiveCfg = Release|Any CPU
		{D69931DA-DF4B-4538-B326-AA0D0326BC8A}.Release|x64.Build.0 = Release|Any CPU
		{D69931DA-DF4B-4538-B326-AA0D0326BC8A}.Release|x86.ActiveCfg = Release|Any CPU
		{D69931DA-DF4B-4538-B326-AA0D0326BC8A}.Release|x86.Build.0 = Release|Any CPU
		{B178653A-1FE4-4216-8A91-0F87C42E4A88}.Debug|Any CPU.ActiveCfg = Debug|Any CPU
		{B178653A-1FE4-4216-8A91-0F87C42E4A88}.Debug|Any CPU.Build.0 = Debug|Any CPU
		{B178653A-1FE4-4216-8A91-0F87C42E4A88}.Debug|x64.ActiveCfg = Debug|Any CPU
		{B178653A-1FE4-4216-8A91-0F87C42E4A88}.Debug|x64.Build.0 = Debug|Any CPU
		{B178653A-1FE4-4216-8A91-0F87C42E4A88}.Debug|x86.ActiveCfg = Debug|Any CPU
		{B178653A-1FE4-4216-8A91-0F87C42E4A88}.Debug|x86.Build.0 = Debug|Any CPU
		{B178653A-1FE4-4216-8A91-0F87C42E4A88}.Release|Any CPU.ActiveCfg = Release|Any CPU
		{B178653A-1FE4-4216-8A91-0F87C42E4A88}.Release|Any CPU.Build.0 = Release|Any CPU
		{B178653A-1FE4-4216-8A91-0F87C42E4A88}.Release|x64.ActiveCfg = Release|Any CPU
		{B178653A-1FE4-4216-8A91-0F87C42E4A88}.Release|x64.Build.0 = Release|Any CPU
		{B178653A-1FE4-4216-8A91-0F87C42E4A88}.Release|x86.ActiveCfg = Release|Any CPU
		{B178653A-1FE4-4216-8A91-0F87C42E4A88}.Release|x86.Build.0 = Release|Any CPU
		{F963885A-2090-4FEC-B207-7ACB95E7AAD0}.Debug|Any CPU.ActiveCfg = Debug|Any CPU
		{F963885A-2090-4FEC-B207-7ACB95E7AAD0}.Debug|Any CPU.Build.0 = Debug|Any CPU
		{F963885A-2090-4FEC-B207-7ACB95E7AAD0}.Debug|x64.ActiveCfg = Debug|Any CPU
		{F963885A-2090-4FEC-B207-7ACB95E7AAD0}.Debug|x64.Build.0 = Debug|Any CPU
		{F963885A-2090-4FEC-B207-7ACB95E7AAD0}.Debug|x86.ActiveCfg = Debug|Any CPU
		{F963885A-2090-4FEC-B207-7ACB95E7AAD0}.Debug|x86.Build.0 = Debug|Any CPU
		{F963885A-2090-4FEC-B207-7ACB95E7AAD0}.Release|Any CPU.ActiveCfg = Release|Any CPU
		{F963885A-2090-4FEC-B207-7ACB95E7AAD0}.Release|Any CPU.Build.0 = Release|Any CPU
		{F963885A-2090-4FEC-B207-7ACB95E7AAD0}.Release|x64.ActiveCfg = Release|Any CPU
		{F963885A-2090-4FEC-B207-7ACB95E7AAD0}.Release|x64.Build.0 = Release|Any CPU
		{F963885A-2090-4FEC-B207-7ACB95E7AAD0}.Release|x86.ActiveCfg = Release|Any CPU
		{F963885A-2090-4FEC-B207-7ACB95E7AAD0}.Release|x86.Build.0 = Release|Any CPU
		{2CA37607-8841-4928-BAC0-1DB2B27B667E}.Debug|Any CPU.ActiveCfg = Debug|Any CPU
		{2CA37607-8841-4928-BAC0-1DB2B27B667E}.Debug|Any CPU.Build.0 = Debug|Any CPU
		{2CA37607-8841-4928-BAC0-1DB2B27B667E}.Debug|x64.ActiveCfg = Debug|Any CPU
		{2CA37607-8841-4928-BAC0-1DB2B27B667E}.Debug|x64.Build.0 = Debug|Any CPU
		{2CA37607-8841-4928-BAC0-1DB2B27B667E}.Debug|x86.ActiveCfg = Debug|Any CPU
		{2CA37607-8841-4928-BAC0-1DB2B27B667E}.Debug|x86.Build.0 = Debug|Any CPU
		{2CA37607-8841-4928-BAC0-1DB2B27B667E}.Release|Any CPU.ActiveCfg = Release|Any CPU
		{2CA37607-8841-4928-BAC0-1DB2B27B667E}.Release|Any CPU.Build.0 = Release|Any CPU
		{2CA37607-8841-4928-BAC0-1DB2B27B667E}.Release|x64.ActiveCfg = Release|Any CPU
		{2CA37607-8841-4928-BAC0-1DB2B27B667E}.Release|x64.Build.0 = Release|Any CPU
		{2CA37607-8841-4928-BAC0-1DB2B27B667E}.Release|x86.ActiveCfg = Release|Any CPU
		{2CA37607-8841-4928-BAC0-1DB2B27B667E}.Release|x86.Build.0 = Release|Any CPU
		{0E2344E1-5D37-40F9-ADFA-3C1E51DCD1BB}.Debug|Any CPU.ActiveCfg = Debug|Any CPU
		{0E2344E1-5D37-40F9-ADFA-3C1E51DCD1BB}.Debug|Any CPU.Build.0 = Debug|Any CPU
		{0E2344E1-5D37-40F9-ADFA-3C1E51DCD1BB}.Debug|x64.ActiveCfg = Debug|Any CPU
		{0E2344E1-5D37-40F9-ADFA-3C1E51DCD1BB}.Debug|x64.Build.0 = Debug|Any CPU
		{0E2344E1-5D37-40F9-ADFA-3C1E51DCD1BB}.Debug|x86.ActiveCfg = Debug|Any CPU
		{0E2344E1-5D37-40F9-ADFA-3C1E51DCD1BB}.Debug|x86.Build.0 = Debug|Any CPU
		{0E2344E1-5D37-40F9-ADFA-3C1E51DCD1BB}.Release|Any CPU.ActiveCfg = Release|Any CPU
		{0E2344E1-5D37-40F9-ADFA-3C1E51DCD1BB}.Release|Any CPU.Build.0 = Release|Any CPU
		{0E2344E1-5D37-40F9-ADFA-3C1E51DCD1BB}.Release|x64.ActiveCfg = Release|Any CPU
		{0E2344E1-5D37-40F9-ADFA-3C1E51DCD1BB}.Release|x64.Build.0 = Release|Any CPU
		{0E2344E1-5D37-40F9-ADFA-3C1E51DCD1BB}.Release|x86.ActiveCfg = Release|Any CPU
		{0E2344E1-5D37-40F9-ADFA-3C1E51DCD1BB}.Release|x86.Build.0 = Release|Any CPU
		{6E87178A-4804-459B-B643-AA11EA874CF2}.Debug|Any CPU.ActiveCfg = Debug|Any CPU
		{6E87178A-4804-459B-B643-AA11EA874CF2}.Debug|Any CPU.Build.0 = Debug|Any CPU
		{6E87178A-4804-459B-B643-AA11EA874CF2}.Debug|x64.ActiveCfg = Debug|Any CPU
		{6E87178A-4804-459B-B643-AA11EA874CF2}.Debug|x64.Build.0 = Debug|Any CPU
		{6E87178A-4804-459B-B643-AA11EA874CF2}.Debug|x86.ActiveCfg = Debug|Any CPU
		{6E87178A-4804-459B-B643-AA11EA874CF2}.Debug|x86.Build.0 = Debug|Any CPU
		{6E87178A-4804-459B-B643-AA11EA874CF2}.Release|Any CPU.ActiveCfg = Release|Any CPU
		{6E87178A-4804-459B-B643-AA11EA874CF2}.Release|Any CPU.Build.0 = Release|Any CPU
		{6E87178A-4804-459B-B643-AA11EA874CF2}.Release|x64.ActiveCfg = Release|Any CPU
		{6E87178A-4804-459B-B643-AA11EA874CF2}.Release|x64.Build.0 = Release|Any CPU
		{6E87178A-4804-459B-B643-AA11EA874CF2}.Release|x86.ActiveCfg = Release|Any CPU
		{6E87178A-4804-459B-B643-AA11EA874CF2}.Release|x86.Build.0 = Release|Any CPU
		{70A990BF-55CC-4E4E-B0CE-B1D05EF75799}.Debug|Any CPU.ActiveCfg = Debug|Any CPU
		{70A990BF-55CC-4E4E-B0CE-B1D05EF75799}.Debug|Any CPU.Build.0 = Debug|Any CPU
		{70A990BF-55CC-4E4E-B0CE-B1D05EF75799}.Debug|x64.ActiveCfg = Debug|Any CPU
		{70A990BF-55CC-4E4E-B0CE-B1D05EF75799}.Debug|x64.Build.0 = Debug|Any CPU
		{70A990BF-55CC-4E4E-B0CE-B1D05EF75799}.Debug|x86.ActiveCfg = Debug|Any CPU
		{70A990BF-55CC-4E4E-B0CE-B1D05EF75799}.Debug|x86.Build.0 = Debug|Any CPU
		{70A990BF-55CC-4E4E-B0CE-B1D05EF75799}.Release|Any CPU.ActiveCfg = Release|Any CPU
		{70A990BF-55CC-4E4E-B0CE-B1D05EF75799}.Release|Any CPU.Build.0 = Release|Any CPU
		{70A990BF-55CC-4E4E-B0CE-B1D05EF75799}.Release|x64.ActiveCfg = Release|Any CPU
		{70A990BF-55CC-4E4E-B0CE-B1D05EF75799}.Release|x64.Build.0 = Release|Any CPU
		{70A990BF-55CC-4E4E-B0CE-B1D05EF75799}.Release|x86.ActiveCfg = Release|Any CPU
		{70A990BF-55CC-4E4E-B0CE-B1D05EF75799}.Release|x86.Build.0 = Release|Any CPU
		{CD8252B4-D427-4648-B752-7C69E83ED4B6}.Debug|Any CPU.ActiveCfg = Debug|Any CPU
		{CD8252B4-D427-4648-B752-7C69E83ED4B6}.Debug|Any CPU.Build.0 = Debug|Any CPU
		{CD8252B4-D427-4648-B752-7C69E83ED4B6}.Debug|x64.ActiveCfg = Debug|Any CPU
		{CD8252B4-D427-4648-B752-7C69E83ED4B6}.Debug|x64.Build.0 = Debug|Any CPU
		{CD8252B4-D427-4648-B752-7C69E83ED4B6}.Debug|x86.ActiveCfg = Debug|Any CPU
		{CD8252B4-D427-4648-B752-7C69E83ED4B6}.Debug|x86.Build.0 = Debug|Any CPU
		{CD8252B4-D427-4648-B752-7C69E83ED4B6}.Release|Any CPU.ActiveCfg = Release|Any CPU
		{CD8252B4-D427-4648-B752-7C69E83ED4B6}.Release|Any CPU.Build.0 = Release|Any CPU
		{CD8252B4-D427-4648-B752-7C69E83ED4B6}.Release|x64.ActiveCfg = Release|Any CPU
		{CD8252B4-D427-4648-B752-7C69E83ED4B6}.Release|x64.Build.0 = Release|Any CPU
		{CD8252B4-D427-4648-B752-7C69E83ED4B6}.Release|x86.ActiveCfg = Release|Any CPU
		{CD8252B4-D427-4648-B752-7C69E83ED4B6}.Release|x86.Build.0 = Release|Any CPU
		{696931C9-2E49-4AE4-A674-4F90C2EF132F}.Debug|Any CPU.ActiveCfg = Debug|Any CPU
		{696931C9-2E49-4AE4-A674-4F90C2EF132F}.Debug|Any CPU.Build.0 = Debug|Any CPU
		{696931C9-2E49-4AE4-A674-4F90C2EF132F}.Debug|x64.ActiveCfg = Debug|Any CPU
		{696931C9-2E49-4AE4-A674-4F90C2EF132F}.Debug|x64.Build.0 = Debug|Any CPU
		{696931C9-2E49-4AE4-A674-4F90C2EF132F}.Debug|x86.ActiveCfg = Debug|Any CPU
		{696931C9-2E49-4AE4-A674-4F90C2EF132F}.Debug|x86.Build.0 = Debug|Any CPU
		{696931C9-2E49-4AE4-A674-4F90C2EF132F}.Release|Any CPU.ActiveCfg = Release|Any CPU
		{696931C9-2E49-4AE4-A674-4F90C2EF132F}.Release|Any CPU.Build.0 = Release|Any CPU
		{696931C9-2E49-4AE4-A674-4F90C2EF132F}.Release|x64.ActiveCfg = Release|Any CPU
		{696931C9-2E49-4AE4-A674-4F90C2EF132F}.Release|x64.Build.0 = Release|Any CPU
		{696931C9-2E49-4AE4-A674-4F90C2EF132F}.Release|x86.ActiveCfg = Release|Any CPU
		{696931C9-2E49-4AE4-A674-4F90C2EF132F}.Release|x86.Build.0 = Release|Any CPU
		{3E1CCAF1-B4D9-4DA6-8439-DC169DA0CA1A}.Debug|Any CPU.ActiveCfg = Debug|Any CPU
		{3E1CCAF1-B4D9-4DA6-8439-DC169DA0CA1A}.Debug|Any CPU.Build.0 = Debug|Any CPU
		{3E1CCAF1-B4D9-4DA6-8439-DC169DA0CA1A}.Debug|x64.ActiveCfg = Debug|Any CPU
		{3E1CCAF1-B4D9-4DA6-8439-DC169DA0CA1A}.Debug|x64.Build.0 = Debug|Any CPU
		{3E1CCAF1-B4D9-4DA6-8439-DC169DA0CA1A}.Debug|x86.ActiveCfg = Debug|Any CPU
		{3E1CCAF1-B4D9-4DA6-8439-DC169DA0CA1A}.Debug|x86.Build.0 = Debug|Any CPU
		{3E1CCAF1-B4D9-4DA6-8439-DC169DA0CA1A}.Release|Any CPU.ActiveCfg = Release|Any CPU
		{3E1CCAF1-B4D9-4DA6-8439-DC169DA0CA1A}.Release|Any CPU.Build.0 = Release|Any CPU
		{3E1CCAF1-B4D9-4DA6-8439-DC169DA0CA1A}.Release|x64.ActiveCfg = Release|Any CPU
		{3E1CCAF1-B4D9-4DA6-8439-DC169DA0CA1A}.Release|x64.Build.0 = Release|Any CPU
		{3E1CCAF1-B4D9-4DA6-8439-DC169DA0CA1A}.Release|x86.ActiveCfg = Release|Any CPU
		{3E1CCAF1-B4D9-4DA6-8439-DC169DA0CA1A}.Release|x86.Build.0 = Release|Any CPU
		{6074BF1F-98BF-42BB-90C0-ABA48EF8F35C}.Debug|Any CPU.ActiveCfg = Debug|Any CPU
		{6074BF1F-98BF-42BB-90C0-ABA48EF8F35C}.Debug|Any CPU.Build.0 = Debug|Any CPU
		{6074BF1F-98BF-42BB-90C0-ABA48EF8F35C}.Debug|x64.ActiveCfg = Debug|Any CPU
		{6074BF1F-98BF-42BB-90C0-ABA48EF8F35C}.Debug|x64.Build.0 = Debug|Any CPU
		{6074BF1F-98BF-42BB-90C0-ABA48EF8F35C}.Debug|x86.ActiveCfg = Debug|Any CPU
		{6074BF1F-98BF-42BB-90C0-ABA48EF8F35C}.Debug|x86.Build.0 = Debug|Any CPU
		{6074BF1F-98BF-42BB-90C0-ABA48EF8F35C}.Release|Any CPU.ActiveCfg = Release|Any CPU
		{6074BF1F-98BF-42BB-90C0-ABA48EF8F35C}.Release|Any CPU.Build.0 = Release|Any CPU
		{6074BF1F-98BF-42BB-90C0-ABA48EF8F35C}.Release|x64.ActiveCfg = Release|Any CPU
		{6074BF1F-98BF-42BB-90C0-ABA48EF8F35C}.Release|x64.Build.0 = Release|Any CPU
		{6074BF1F-98BF-42BB-90C0-ABA48EF8F35C}.Release|x86.ActiveCfg = Release|Any CPU
		{6074BF1F-98BF-42BB-90C0-ABA48EF8F35C}.Release|x86.Build.0 = Release|Any CPU
		{F7FBDC14-6ED2-46AC-B348-2427C14F0158}.Debug|Any CPU.ActiveCfg = Debug|Any CPU
		{F7FBDC14-6ED2-46AC-B348-2427C14F0158}.Debug|Any CPU.Build.0 = Debug|Any CPU
		{F7FBDC14-6ED2-46AC-B348-2427C14F0158}.Debug|x64.ActiveCfg = Debug|Any CPU
		{F7FBDC14-6ED2-46AC-B348-2427C14F0158}.Debug|x64.Build.0 = Debug|Any CPU
		{F7FBDC14-6ED2-46AC-B348-2427C14F0158}.Debug|x86.ActiveCfg = Debug|Any CPU
		{F7FBDC14-6ED2-46AC-B348-2427C14F0158}.Debug|x86.Build.0 = Debug|Any CPU
		{F7FBDC14-6ED2-46AC-B348-2427C14F0158}.Release|Any CPU.ActiveCfg = Release|Any CPU
		{F7FBDC14-6ED2-46AC-B348-2427C14F0158}.Release|Any CPU.Build.0 = Release|Any CPU
		{F7FBDC14-6ED2-46AC-B348-2427C14F0158}.Release|x64.ActiveCfg = Release|Any CPU
		{F7FBDC14-6ED2-46AC-B348-2427C14F0158}.Release|x64.Build.0 = Release|Any CPU
		{F7FBDC14-6ED2-46AC-B348-2427C14F0158}.Release|x86.ActiveCfg = Release|Any CPU
		{F7FBDC14-6ED2-46AC-B348-2427C14F0158}.Release|x86.Build.0 = Release|Any CPU
		{F8DD5966-EE52-4ADA-BE4F-D23636F424F8}.Debug|Any CPU.ActiveCfg = Debug|Any CPU
		{F8DD5966-EE52-4ADA-BE4F-D23636F424F8}.Debug|Any CPU.Build.0 = Debug|Any CPU
		{F8DD5966-EE52-4ADA-BE4F-D23636F424F8}.Debug|x64.ActiveCfg = Debug|Any CPU
		{F8DD5966-EE52-4ADA-BE4F-D23636F424F8}.Debug|x64.Build.0 = Debug|Any CPU
		{F8DD5966-EE52-4ADA-BE4F-D23636F424F8}.Debug|x86.ActiveCfg = Debug|Any CPU
		{F8DD5966-EE52-4ADA-BE4F-D23636F424F8}.Debug|x86.Build.0 = Debug|Any CPU
		{F8DD5966-EE52-4ADA-BE4F-D23636F424F8}.Release|Any CPU.ActiveCfg = Release|Any CPU
		{F8DD5966-EE52-4ADA-BE4F-D23636F424F8}.Release|Any CPU.Build.0 = Release|Any CPU
		{F8DD5966-EE52-4ADA-BE4F-D23636F424F8}.Release|x64.ActiveCfg = Release|Any CPU
		{F8DD5966-EE52-4ADA-BE4F-D23636F424F8}.Release|x64.Build.0 = Release|Any CPU
		{F8DD5966-EE52-4ADA-BE4F-D23636F424F8}.Release|x86.ActiveCfg = Release|Any CPU
		{F8DD5966-EE52-4ADA-BE4F-D23636F424F8}.Release|x86.Build.0 = Release|Any CPU
		{7998C735-EB8F-4DBE-BB32-978E9A465433}.Debug|Any CPU.ActiveCfg = Debug|Any CPU
		{7998C735-EB8F-4DBE-BB32-978E9A465433}.Debug|Any CPU.Build.0 = Debug|Any CPU
		{7998C735-EB8F-4DBE-BB32-978E9A465433}.Debug|x64.ActiveCfg = Debug|Any CPU
		{7998C735-EB8F-4DBE-BB32-978E9A465433}.Debug|x64.Build.0 = Debug|Any CPU
		{7998C735-EB8F-4DBE-BB32-978E9A465433}.Debug|x86.ActiveCfg = Debug|Any CPU
		{7998C735-EB8F-4DBE-BB32-978E9A465433}.Debug|x86.Build.0 = Debug|Any CPU
		{7998C735-EB8F-4DBE-BB32-978E9A465433}.Release|Any CPU.ActiveCfg = Release|Any CPU
		{7998C735-EB8F-4DBE-BB32-978E9A465433}.Release|Any CPU.Build.0 = Release|Any CPU
		{7998C735-EB8F-4DBE-BB32-978E9A465433}.Release|x64.ActiveCfg = Release|Any CPU
		{7998C735-EB8F-4DBE-BB32-978E9A465433}.Release|x64.Build.0 = Release|Any CPU
		{7998C735-EB8F-4DBE-BB32-978E9A465433}.Release|x86.ActiveCfg = Release|Any CPU
		{7998C735-EB8F-4DBE-BB32-978E9A465433}.Release|x86.Build.0 = Release|Any CPU
		{F13607C8-980A-4EFF-93B5-5D6FE344F08C}.Debug|Any CPU.ActiveCfg = Debug|Any CPU
		{F13607C8-980A-4EFF-93B5-5D6FE344F08C}.Debug|Any CPU.Build.0 = Debug|Any CPU
		{F13607C8-980A-4EFF-93B5-5D6FE344F08C}.Debug|x64.ActiveCfg = Debug|Any CPU
		{F13607C8-980A-4EFF-93B5-5D6FE344F08C}.Debug|x64.Build.0 = Debug|Any CPU
		{F13607C8-980A-4EFF-93B5-5D6FE344F08C}.Debug|x86.ActiveCfg = Debug|Any CPU
		{F13607C8-980A-4EFF-93B5-5D6FE344F08C}.Debug|x86.Build.0 = Debug|Any CPU
		{F13607C8-980A-4EFF-93B5-5D6FE344F08C}.Release|Any CPU.ActiveCfg = Release|Any CPU
		{F13607C8-980A-4EFF-93B5-5D6FE344F08C}.Release|Any CPU.Build.0 = Release|Any CPU
		{F13607C8-980A-4EFF-93B5-5D6FE344F08C}.Release|x64.ActiveCfg = Release|Any CPU
		{F13607C8-980A-4EFF-93B5-5D6FE344F08C}.Release|x64.Build.0 = Release|Any CPU
		{F13607C8-980A-4EFF-93B5-5D6FE344F08C}.Release|x86.ActiveCfg = Release|Any CPU
		{F13607C8-980A-4EFF-93B5-5D6FE344F08C}.Release|x86.Build.0 = Release|Any CPU
		{AFAA5258-2646-4159-8D88-8CACD16974E4}.Debug|Any CPU.ActiveCfg = Debug|Any CPU
		{AFAA5258-2646-4159-8D88-8CACD16974E4}.Debug|Any CPU.Build.0 = Debug|Any CPU
		{AFAA5258-2646-4159-8D88-8CACD16974E4}.Debug|x64.ActiveCfg = Debug|Any CPU
		{AFAA5258-2646-4159-8D88-8CACD16974E4}.Debug|x64.Build.0 = Debug|Any CPU
		{AFAA5258-2646-4159-8D88-8CACD16974E4}.Debug|x86.ActiveCfg = Debug|Any CPU
		{AFAA5258-2646-4159-8D88-8CACD16974E4}.Debug|x86.Build.0 = Debug|Any CPU
		{AFAA5258-2646-4159-8D88-8CACD16974E4}.Release|Any CPU.ActiveCfg = Release|Any CPU
		{AFAA5258-2646-4159-8D88-8CACD16974E4}.Release|Any CPU.Build.0 = Release|Any CPU
		{AFAA5258-2646-4159-8D88-8CACD16974E4}.Release|x64.ActiveCfg = Release|Any CPU
		{AFAA5258-2646-4159-8D88-8CACD16974E4}.Release|x64.Build.0 = Release|Any CPU
		{AFAA5258-2646-4159-8D88-8CACD16974E4}.Release|x86.ActiveCfg = Release|Any CPU
		{AFAA5258-2646-4159-8D88-8CACD16974E4}.Release|x86.Build.0 = Release|Any CPU
		{E21DA4D4-D9E0-49E4-9C36-2544A3EF4CD3}.Debug|Any CPU.ActiveCfg = Debug|Any CPU
		{E21DA4D4-D9E0-49E4-9C36-2544A3EF4CD3}.Debug|Any CPU.Build.0 = Debug|Any CPU
		{E21DA4D4-D9E0-49E4-9C36-2544A3EF4CD3}.Debug|x64.ActiveCfg = Debug|Any CPU
		{E21DA4D4-D9E0-49E4-9C36-2544A3EF4CD3}.Debug|x64.Build.0 = Debug|Any CPU
		{E21DA4D4-D9E0-49E4-9C36-2544A3EF4CD3}.Debug|x86.ActiveCfg = Debug|Any CPU
		{E21DA4D4-D9E0-49E4-9C36-2544A3EF4CD3}.Debug|x86.Build.0 = Debug|Any CPU
		{E21DA4D4-D9E0-49E4-9C36-2544A3EF4CD3}.Release|Any CPU.ActiveCfg = Release|Any CPU
		{E21DA4D4-D9E0-49E4-9C36-2544A3EF4CD3}.Release|Any CPU.Build.0 = Release|Any CPU
		{E21DA4D4-D9E0-49E4-9C36-2544A3EF4CD3}.Release|x64.ActiveCfg = Release|Any CPU
		{E21DA4D4-D9E0-49E4-9C36-2544A3EF4CD3}.Release|x64.Build.0 = Release|Any CPU
		{E21DA4D4-D9E0-49E4-9C36-2544A3EF4CD3}.Release|x86.ActiveCfg = Release|Any CPU
		{E21DA4D4-D9E0-49E4-9C36-2544A3EF4CD3}.Release|x86.Build.0 = Release|Any CPU
		{F89FE768-35C5-439F-9725-1E54CB8C3009}.Debug|Any CPU.ActiveCfg = Debug|Any CPU
		{F89FE768-35C5-439F-9725-1E54CB8C3009}.Debug|Any CPU.Build.0 = Debug|Any CPU
		{F89FE768-35C5-439F-9725-1E54CB8C3009}.Debug|x64.ActiveCfg = Debug|Any CPU
		{F89FE768-35C5-439F-9725-1E54CB8C3009}.Debug|x64.Build.0 = Debug|Any CPU
		{F89FE768-35C5-439F-9725-1E54CB8C3009}.Debug|x86.ActiveCfg = Debug|Any CPU
		{F89FE768-35C5-439F-9725-1E54CB8C3009}.Debug|x86.Build.0 = Debug|Any CPU
		{F89FE768-35C5-439F-9725-1E54CB8C3009}.Release|Any CPU.ActiveCfg = Release|Any CPU
		{F89FE768-35C5-439F-9725-1E54CB8C3009}.Release|Any CPU.Build.0 = Release|Any CPU
		{F89FE768-35C5-439F-9725-1E54CB8C3009}.Release|x64.ActiveCfg = Release|Any CPU
		{F89FE768-35C5-439F-9725-1E54CB8C3009}.Release|x64.Build.0 = Release|Any CPU
		{F89FE768-35C5-439F-9725-1E54CB8C3009}.Release|x86.ActiveCfg = Release|Any CPU
		{F89FE768-35C5-439F-9725-1E54CB8C3009}.Release|x86.Build.0 = Release|Any CPU
		{18508AFC-F744-4CEA-ACB4-21DE34F7F600}.Debug|Any CPU.ActiveCfg = Debug|Any CPU
		{18508AFC-F744-4CEA-ACB4-21DE34F7F600}.Debug|Any CPU.Build.0 = Debug|Any CPU
		{18508AFC-F744-4CEA-ACB4-21DE34F7F600}.Debug|x64.ActiveCfg = Debug|Any CPU
		{18508AFC-F744-4CEA-ACB4-21DE34F7F600}.Debug|x64.Build.0 = Debug|Any CPU
		{18508AFC-F744-4CEA-ACB4-21DE34F7F600}.Debug|x86.ActiveCfg = Debug|Any CPU
		{18508AFC-F744-4CEA-ACB4-21DE34F7F600}.Debug|x86.Build.0 = Debug|Any CPU
		{18508AFC-F744-4CEA-ACB4-21DE34F7F600}.Release|Any CPU.ActiveCfg = Release|Any CPU
		{18508AFC-F744-4CEA-ACB4-21DE34F7F600}.Release|Any CPU.Build.0 = Release|Any CPU
		{18508AFC-F744-4CEA-ACB4-21DE34F7F600}.Release|x64.ActiveCfg = Release|Any CPU
		{18508AFC-F744-4CEA-ACB4-21DE34F7F600}.Release|x64.Build.0 = Release|Any CPU
		{18508AFC-F744-4CEA-ACB4-21DE34F7F600}.Release|x86.ActiveCfg = Release|Any CPU
		{18508AFC-F744-4CEA-ACB4-21DE34F7F600}.Release|x86.Build.0 = Release|Any CPU
	EndGlobalSection
	GlobalSection(SolutionProperties) = preSolution
		HideSolutionNode = FALSE
	EndGlobalSection
	GlobalSection(NestedProjects) = preSolution
		{B1000001-0000-0000-0000-000000000001} = {A1B2C3D4-0001-0001-0001-000000000001}
		{B1000002-0000-0000-0000-000000000001} = {A1B2C3D4-0001-0001-0001-000000000001}
		{B1000004-0000-0000-0000-000000000001} = {A1B2C3D4-0001-0001-0001-000000000001}
		{B1000005-0000-0000-0000-000000000001} = {A1B2C3D4-0001-0001-0001-000000000001}
		{B1000006-0000-0000-0000-000000000001} = {A1B2C3D4-0001-0001-0001-000000000001}
		{B1000007-0000-0000-0000-000000000001} = {A1B2C3D4-0001-0001-0001-000000000001}
		{B100000F-0000-0000-0000-000000000001} = {A1B2C3D4-0001-0001-0001-000000000001}
		{B1000013-0000-0000-0000-000000000001} = {A1B2C3D4-0001-0001-0001-000000000001}
		{C1000001-0000-0000-0000-000000000001} = {A1B2C3D4-0001-0001-0001-000000000002}
		{C1000002-0000-0000-0000-000000000001} = {A1B2C3D4-0001-0001-0001-000000000002}
		{C1000003-0000-0000-0000-000000000001} = {A1B2C3D4-0001-0001-0001-000000000002}
		{C1000004-0000-0000-0000-000000000001} = {A1B2C3D4-0001-0001-0001-000000000002}
		{C1000005-0000-0000-0000-000000000001} = {A1B2C3D4-0001-0001-0001-000000000002}
		{3276159F-A82B-4A7B-B3FE-1AED8B591AE5} = {A1B2C3D4-0001-0001-0001-000000000001}
		{B7F27549-09D8-4291-9395-937C18A2E662} = {A1B2C3D4-0001-0001-0001-000000000002}
		{F59C00DE-E2BB-41C0-84D2-54B5F6B0FBF2} = {A1B2C3D4-0001-0001-0001-000000000001}
		{599B79E5-42FD-4C7E-B68E-30F87102BEE7} = {A1B2C3D4-0001-0001-0001-000000000001}
		{9387BA62-022D-407D-8DB7-43C91E50B9E8} = {A1B2C3D4-0001-0001-0001-000000000001}
		{0131A5E8-3C4C-4E11-9386-E2FC99018BC5} = {A1B2C3D4-0001-0001-0001-000000000001}
		{B1000014-0000-0000-0000-000000000001} = {A1B2C3D4-0001-0001-0001-000000000001}
		{452F6B5D-DC13-4DC2-BF0B-3B86F7137C8B} = {A1B2C3D4-0001-0001-0001-000000000001}
		{B1000015-0000-0000-0000-000000000001} = {A1B2C3D4-0001-0001-0001-000000000001}
		{B1000016-0000-0000-0000-000000000001} = {A1B2C3D4-0001-0001-0001-000000000001}
		{B1000017-0000-0000-0000-000000000001} = {A1B2C3D4-0001-0001-0001-000000000001}
		{4B396E74-5644-463B-AB99-BDFC3333C88E} = {A1B2C3D4-0001-0001-0001-000000000001}
		{B1000018-0000-0000-0000-000000000001} = {A1B2C3D4-0001-0001-0001-000000000001}
		{B1000019-0000-0000-0000-000000000001} = {A1B2C3D4-0001-0001-0001-000000000001}
		{B100001A-0000-0000-0000-000000000001} = {A1B2C3D4-0001-0001-0001-000000000001}
		{B100001B-0000-0000-0000-000000000001} = {A1B2C3D4-0001-0001-0001-000000000001}
		{B100001C-0000-0000-0000-000000000001} = {A1B2C3D4-0001-0001-0001-000000000001}
		{B100001D-0000-0000-0000-000000000001} = {A1B2C3D4-0001-0001-0001-000000000001}
		{B100001E-0000-0000-0000-000000000001} = {A1B2C3D4-0001-0001-0001-000000000001}
		{B100001F-0000-0000-0000-000000000001} = {A1B2C3D4-0001-0001-0001-000000000001}
		{B1000020-0000-0000-0000-000000000001} = {A1B2C3D4-0001-0001-0001-000000000001}
		{B1000021-0000-0000-0000-000000000001} = {A1B2C3D4-0001-0001-0001-000000000001}
		{156D9431-6642-404B-9B57-DFD5E2B599D2} = {A1B2C3D4-0001-0001-0001-000000000001}
		{57FFA02F-C6B6-4613-B1BA-CED19AA0837F} = {A1B2C3D4-0001-0001-0001-000000000001}
		{DF06E360-2D1A-4067-8619-D821F3C32BCD} = {A1B2C3D4-0001-0001-0001-000000000001}
		{DBD1201C-74B3-4C60-B2C3-B19CC9A8CB59} = {A1B2C3D4-0001-0001-0001-000000000001}
		{1482FC34-B343-4316-BDAD-4E3A5EA86512} = {A1B2C3D4-0001-0001-0001-000000000001}
		{8683E107-CA14-4741-AAB2-8B77DEC20D14} = {A1B2C3D4-0001-0001-0001-000000000001}
		{D69931DA-DF4B-4538-B326-AA0D0326BC8A} = {A1B2C3D4-0001-0001-0001-000000000001}
		{B178653A-1FE4-4216-8A91-0F87C42E4A88} = {A1B2C3D4-0001-0001-0001-000000000001}
		{F963885A-2090-4FEC-B207-7ACB95E7AAD0} = {A1B2C3D4-0001-0001-0001-000000000001}
		{2CA37607-8841-4928-BAC0-1DB2B27B667E} = {A1B2C3D4-0001-0001-0001-000000000001}
		{0E2344E1-5D37-40F9-ADFA-3C1E51DCD1BB} = {A1B2C3D4-0001-0001-0001-000000000001}
		{6E87178A-4804-459B-B643-AA11EA874CF2} = {A1B2C3D4-0001-0001-0001-000000000001}
		{70A990BF-55CC-4E4E-B0CE-B1D05EF75799} = {A1B2C3D4-0001-0001-0001-000000000001}
		{CD8252B4-D427-4648-B752-7C69E83ED4B6} = {A1B2C3D4-0001-0001-0001-000000000001}
		{696931C9-2E49-4AE4-A674-4F90C2EF132F} = {A1B2C3D4-0001-0001-0001-000000000001}
		{3E1CCAF1-B4D9-4DA6-8439-DC169DA0CA1A} = {A1B2C3D4-0001-0001-0001-000000000001}
		{6074BF1F-98BF-42BB-90C0-ABA48EF8F35C} = {A1B2C3D4-0001-0001-0001-000000000001}
		{F7FBDC14-6ED2-46AC-B348-2427C14F0158} = {A1B2C3D4-0001-0001-0001-000000000002}
		{F8DD5966-EE52-4ADA-BE4F-D23636F424F8} = {A1B2C3D4-0001-0001-0001-000000000002}
		{7998C735-EB8F-4DBE-BB32-978E9A465433} = {A1B2C3D4-0001-0001-0001-000000000002}
		{F13607C8-980A-4EFF-93B5-5D6FE344F08C} = {A1B2C3D4-0001-0001-0001-000000000001}
		{AFAA5258-2646-4159-8D88-8CACD16974E4} = {A1B2C3D4-0001-0001-0001-000000000002}
		{E21DA4D4-D9E0-49E4-9C36-2544A3EF4CD3} = {A1B2C3D4-0001-0001-0001-000000000001}
		{F89FE768-35C5-439F-9725-1E54CB8C3009} = {A1B2C3D4-0001-0001-0001-000000000002}
		{18508AFC-F744-4CEA-ACB4-21DE34F7F600} = {A1B2C3D4-0001-0001-0001-000000000001}
	EndGlobalSection
EndGlobal
